// !$*UTF8*$!
{
	archiveVersion = 1;
	classes = {
	};
	objectVersion = 50;
	objects = {

/* Begin PBXBuildFile section */
		D491A63725BF543C00A0779F /* Codelathe_Test_SwiftUIApp.swift in Sources */ = {isa = PBXBuildFile; fileRef = D491A63625BF543C00A0779F /* Codelathe_Test_SwiftUIApp.swift */; };
		D491A63925BF543C00A0779F /* ContentView.swift in Sources */ = {isa = PBXBuildFile; fileRef = D491A63825BF543C00A0779F /* ContentView.swift */; };
		D491A63B25BF543F00A0779F /* Assets.xcassets in Resources */ = {isa = PBXBuildFile; fileRef = D491A63A25BF543F00A0779F /* Assets.xcassets */; };
		D491A63E25BF543F00A0779F /* Preview Assets.xcassets in Resources */ = {isa = PBXBuildFile; fileRef = D491A63D25BF543F00A0779F /* Preview Assets.xcassets */; };
		D491A64925BF543F00A0779F /* Codelathe_Test_SwiftUITests.swift in Sources */ = {isa = PBXBuildFile; fileRef = D491A64825BF543F00A0779F /* Codelathe_Test_SwiftUITests.swift */; };
		D491A65425BF543F00A0779F /* Codelathe_Test_SwiftUIUITests.swift in Sources */ = {isa = PBXBuildFile; fileRef = D491A65325BF543F00A0779F /* Codelathe_Test_SwiftUIUITests.swift */; };
		D491A66A25BF55F400A0779F /* AppColours.xcassets in Resources */ = {isa = PBXBuildFile; fileRef = D491A66925BF55F400A0779F /* AppColours.xcassets */; };
		D491A67125BF562F00A0779F /* AppColours.swift in Sources */ = {isa = PBXBuildFile; fileRef = D491A67025BF562F00A0779F /* AppColours.swift */; };
		D491A67825BF575E00A0779F /* Fonts.swift in Sources */ = {isa = PBXBuildFile; fileRef = D491A67725BF575E00A0779F /* Fonts.swift */; };
		D491A68A25BF57AD00A0779F /* Inter-VariableFont_slnt,wght.ttf in Resources */ = {isa = PBXBuildFile; fileRef = D491A67D25BF57AD00A0779F /* Inter-VariableFont_slnt,wght.ttf */; };
		D491A68B25BF57AD00A0779F /* Inter-Medium.ttf in Resources */ = {isa = PBXBuildFile; fileRef = D491A67F25BF57AD00A0779F /* Inter-Medium.ttf */; };
		D491A68C25BF57AD00A0779F /* Inter-Light.ttf in Resources */ = {isa = PBXBuildFile; fileRef = D491A68025BF57AD00A0779F /* Inter-Light.ttf */; };
		D491A68D25BF57AD00A0779F /* Inter-Thin.ttf in Resources */ = {isa = PBXBuildFile; fileRef = D491A68125BF57AD00A0779F /* Inter-Thin.ttf */; };
		D491A68E25BF57AD00A0779F /* Inter-Bold.ttf in Resources */ = {isa = PBXBuildFile; fileRef = D491A68225BF57AD00A0779F /* Inter-Bold.ttf */; };
		D491A68F25BF57AD00A0779F /* Inter-Regular.ttf in Resources */ = {isa = PBXBuildFile; fileRef = D491A68325BF57AD00A0779F /* Inter-Regular.ttf */; };
		D491A69025BF57AD00A0779F /* Inter-ExtraBold.ttf in Resources */ = {isa = PBXBuildFile; fileRef = D491A68425BF57AD00A0779F /* Inter-ExtraBold.ttf */; };
		D491A69125BF57AD00A0779F /* Inter-ExtraLight.ttf in Resources */ = {isa = PBXBuildFile; fileRef = D491A68525BF57AD00A0779F /* Inter-ExtraLight.ttf */; };
		D491A69225BF57AD00A0779F /* Inter-Black.ttf in Resources */ = {isa = PBXBuildFile; fileRef = D491A68625BF57AD00A0779F /* Inter-Black.ttf */; };
		D491A69325BF57AD00A0779F /* Inter-SemiBold.ttf in Resources */ = {isa = PBXBuildFile; fileRef = D491A68725BF57AD00A0779F /* Inter-SemiBold.ttf */; };
		D491A69425BF57AD00A0779F /* OFL.txt in Resources */ = {isa = PBXBuildFile; fileRef = D491A68825BF57AD00A0779F /* OFL.txt */; };
		D491A69525BF57AD00A0779F /* README.txt in Resources */ = {isa = PBXBuildFile; fileRef = D491A68925BF57AD00A0779F /* README.txt */; };
		D491A6A025BF5A5C00A0779F /* CLPrimaryButton.swift in Sources */ = {isa = PBXBuildFile; fileRef = D491A69F25BF5A5C00A0779F /* CLPrimaryButton.swift */; };
		D491A6A525BF5B1100A0779F /* CLSecondaryButton.swift in Sources */ = {isa = PBXBuildFile; fileRef = D491A6A425BF5B1100A0779F /* CLSecondaryButton.swift */; };
/* End PBXBuildFile section */

/* Begin PBXContainerItemProxy section */
		D491A64525BF543F00A0779F /* PBXContainerItemProxy */ = {
			isa = PBXContainerItemProxy;
			containerPortal = D491A62B25BF543B00A0779F /* Project object */;
			proxyType = 1;
			remoteGlobalIDString = D491A63225BF543B00A0779F;
			remoteInfo = "Codelathe-Test-SwiftUI";
		};
		D491A65025BF543F00A0779F /* PBXContainerItemProxy */ = {
			isa = PBXContainerItemProxy;
			containerPortal = D491A62B25BF543B00A0779F /* Project object */;
			proxyType = 1;
			remoteGlobalIDString = D491A63225BF543B00A0779F;
			remoteInfo = "Codelathe-Test-SwiftUI";
		};
/* End PBXContainerItemProxy section */

/* Begin PBXFileReference section */
		D491A63325BF543C00A0779F /* Codelathe-Test-SwiftUI.app */ = {isa = PBXFileReference; explicitFileType = wrapper.application; includeInIndex = 0; path = "Codelathe-Test-SwiftUI.app"; sourceTree = BUILT_PRODUCTS_DIR; };
		D491A63625BF543C00A0779F /* Codelathe_Test_SwiftUIApp.swift */ = {isa = PBXFileReference; lastKnownFileType = sourcecode.swift; path = Codelathe_Test_SwiftUIApp.swift; sourceTree = "<group>"; };
		D491A63825BF543C00A0779F /* ContentView.swift */ = {isa = PBXFileReference; lastKnownFileType = sourcecode.swift; path = ContentView.swift; sourceTree = "<group>"; };
		D491A63A25BF543F00A0779F /* Assets.xcassets */ = {isa = PBXFileReference; lastKnownFileType = folder.assetcatalog; path = Assets.xcassets; sourceTree = "<group>"; };
		D491A63D25BF543F00A0779F /* Preview Assets.xcassets */ = {isa = PBXFileReference; lastKnownFileType = folder.assetcatalog; path = "Preview Assets.xcassets"; sourceTree = "<group>"; };
		D491A63F25BF543F00A0779F /* Info.plist */ = {isa = PBXFileReference; lastKnownFileType = text.plist.xml; path = Info.plist; sourceTree = "<group>"; };
		D491A64425BF543F00A0779F /* Codelathe-Test-SwiftUITests.xctest */ = {isa = PBXFileReference; explicitFileType = wrapper.cfbundle; includeInIndex = 0; path = "Codelathe-Test-SwiftUITests.xctest"; sourceTree = BUILT_PRODUCTS_DIR; };
		D491A64825BF543F00A0779F /* Codelathe_Test_SwiftUITests.swift */ = {isa = PBXFileReference; lastKnownFileType = sourcecode.swift; path = Codelathe_Test_SwiftUITests.swift; sourceTree = "<group>"; };
		D491A64A25BF543F00A0779F /* Info.plist */ = {isa = PBXFileReference; lastKnownFileType = text.plist.xml; path = Info.plist; sourceTree = "<group>"; };
		D491A64F25BF543F00A0779F /* Codelathe-Test-SwiftUIUITests.xctest */ = {isa = PBXFileReference; explicitFileType = wrapper.cfbundle; includeInIndex = 0; path = "Codelathe-Test-SwiftUIUITests.xctest"; sourceTree = BUILT_PRODUCTS_DIR; };
		D491A65325BF543F00A0779F /* Codelathe_Test_SwiftUIUITests.swift */ = {isa = PBXFileReference; lastKnownFileType = sourcecode.swift; path = Codelathe_Test_SwiftUIUITests.swift; sourceTree = "<group>"; };
		D491A65525BF543F00A0779F /* Info.plist */ = {isa = PBXFileReference; lastKnownFileType = text.plist.xml; path = Info.plist; sourceTree = "<group>"; };
		D491A66925BF55F400A0779F /* AppColours.xcassets */ = {isa = PBXFileReference; lastKnownFileType = folder.assetcatalog; path = AppColours.xcassets; sourceTree = "<group>"; };
		D491A67025BF562F00A0779F /* AppColours.swift */ = {isa = PBXFileReference; lastKnownFileType = sourcecode.swift; path = AppColours.swift; sourceTree = "<group>"; };
		D491A67725BF575E00A0779F /* Fonts.swift */ = {isa = PBXFileReference; lastKnownFileType = sourcecode.swift; path = Fonts.swift; sourceTree = "<group>"; };
		D491A67D25BF57AD00A0779F /* Inter-VariableFont_slnt,wght.ttf */ = {isa = PBXFileReference; lastKnownFileType = file; path = "Inter-VariableFont_slnt,wght.ttf"; sourceTree = "<group>"; };
		D491A67F25BF57AD00A0779F /* Inter-Medium.ttf */ = {isa = PBXFileReference; lastKnownFileType = file; path = "Inter-Medium.ttf"; sourceTree = "<group>"; };
		D491A68025BF57AD00A0779F /* Inter-Light.ttf */ = {isa = PBXFileReference; lastKnownFileType = file; path = "Inter-Light.ttf"; sourceTree = "<group>"; };
		D491A68125BF57AD00A0779F /* Inter-Thin.ttf */ = {isa = PBXFileReference; lastKnownFileType = file; path = "Inter-Thin.ttf"; sourceTree = "<group>"; };
		D491A68225BF57AD00A0779F /* Inter-Bold.ttf */ = {isa = PBXFileReference; lastKnownFileType = file; path = "Inter-Bold.ttf"; sourceTree = "<group>"; };
		D491A68325BF57AD00A0779F /* Inter-Regular.ttf */ = {isa = PBXFileReference; lastKnownFileType = file; path = "Inter-Regular.ttf"; sourceTree = "<group>"; };
		D491A68425BF57AD00A0779F /* Inter-ExtraBold.ttf */ = {isa = PBXFileReference; lastKnownFileType = file; path = "Inter-ExtraBold.ttf"; sourceTree = "<group>"; };
		D491A68525BF57AD00A0779F /* Inter-ExtraLight.ttf */ = {isa = PBXFileReference; lastKnownFileType = file; path = "Inter-ExtraLight.ttf"; sourceTree = "<group>"; };
		D491A68625BF57AD00A0779F /* Inter-Black.ttf */ = {isa = PBXFileReference; lastKnownFileType = file; path = "Inter-Black.ttf"; sourceTree = "<group>"; };
		D491A68725BF57AD00A0779F /* Inter-SemiBold.ttf */ = {isa = PBXFileReference; lastKnownFileType = file; path = "Inter-SemiBold.ttf"; sourceTree = "<group>"; };
		D491A68825BF57AD00A0779F /* OFL.txt */ = {isa = PBXFileReference; fileEncoding = 4; lastKnownFileType = text; path = OFL.txt; sourceTree = "<group>"; };
		D491A68925BF57AD00A0779F /* README.txt */ = {isa = PBXFileReference; fileEncoding = 4; lastKnownFileType = text; path = README.txt; sourceTree = "<group>"; };
		D491A69F25BF5A5C00A0779F /* CLPrimaryButton.swift */ = {isa = PBXFileReference; lastKnownFileType = sourcecode.swift; path = CLPrimaryButton.swift; sourceTree = "<group>"; };
		D491A6A425BF5B1100A0779F /* CLSecondaryButton.swift */ = {isa = PBXFileReference; lastKnownFileType = sourcecode.swift; path = CLSecondaryButton.swift; sourceTree = "<group>"; };
/* End PBXFileReference section */

/* Begin PBXFrameworksBuildPhase section */
		D491A63025BF543B00A0779F /* Frameworks */ = {
			isa = PBXFrameworksBuildPhase;
			buildActionMask = 2147483647;
			files = (
			);
			runOnlyForDeploymentPostprocessing = 0;
		};
		D491A64125BF543F00A0779F /* Frameworks */ = {
			isa = PBXFrameworksBuildPhase;
			buildActionMask = 2147483647;
			files = (
			);
			runOnlyForDeploymentPostprocessing = 0;
		};
		D491A64C25BF543F00A0779F /* Frameworks */ = {
			isa = PBXFrameworksBuildPhase;
			buildActionMask = 2147483647;
			files = (
			);
			runOnlyForDeploymentPostprocessing = 0;
		};
/* End PBXFrameworksBuildPhase section */

/* Begin PBXGroup section */
		D491A62A25BF543B00A0779F = {
			isa = PBXGroup;
			children = (
				D491A63525BF543C00A0779F /* Codelathe-Test-SwiftUI */,
				D491A64725BF543F00A0779F /* Codelathe-Test-SwiftUITests */,
				D491A65225BF543F00A0779F /* Codelathe-Test-SwiftUIUITests */,
				D491A63425BF543C00A0779F /* Products */,
			);
			sourceTree = "<group>";
		};
		D491A63425BF543C00A0779F /* Products */ = {
			isa = PBXGroup;
			children = (
				D491A63325BF543C00A0779F /* Codelathe-Test-SwiftUI.app */,
				D491A64425BF543F00A0779F /* Codelathe-Test-SwiftUITests.xctest */,
				D491A64F25BF543F00A0779F /* Codelathe-Test-SwiftUIUITests.xctest */,
			);
			name = Products;
			sourceTree = "<group>";
		};
		D491A63525BF543C00A0779F /* Codelathe-Test-SwiftUI */ = {
			isa = PBXGroup;
			children = (
				D491A69C25BF5A2800A0779F /* Reusables */,
				D491A66E25BF561600A0779F /* Extensions */,
				D491A66725BF55D200A0779F /* Content */,
				D491A63625BF543C00A0779F /* Codelathe_Test_SwiftUIApp.swift */,
				D491A63825BF543C00A0779F /* ContentView.swift */,
				D491A63F25BF543F00A0779F /* Info.plist */,
				D491A63C25BF543F00A0779F /* Preview Content */,
			);
			path = "Codelathe-Test-SwiftUI";
			sourceTree = "<group>";
		};
		D491A63C25BF543F00A0779F /* Preview Content */ = {
			isa = PBXGroup;
			children = (
				D491A63D25BF543F00A0779F /* Preview Assets.xcassets */,
			);
			path = "Preview Content";
			sourceTree = "<group>";
		};
		D491A64725BF543F00A0779F /* Codelathe-Test-SwiftUITests */ = {
			isa = PBXGroup;
			children = (
				D491A64825BF543F00A0779F /* Codelathe_Test_SwiftUITests.swift */,
				D491A64A25BF543F00A0779F /* Info.plist */,
			);
			path = "Codelathe-Test-SwiftUITests";
			sourceTree = "<group>";
		};
		D491A65225BF543F00A0779F /* Codelathe-Test-SwiftUIUITests */ = {
			isa = PBXGroup;
			children = (
				D491A65325BF543F00A0779F /* Codelathe_Test_SwiftUIUITests.swift */,
				D491A65525BF543F00A0779F /* Info.plist */,
			);
			path = "Codelathe-Test-SwiftUIUITests";
			sourceTree = "<group>";
		};
		D491A66725BF55D200A0779F /* Content */ = {
			isa = PBXGroup;
			children = (
				D491A67625BF572300A0779F /* Fonts */,
				D491A67525BF567100A0779F /* Images */,
				D491A66825BF55DF00A0779F /* Colours */,
			);
			path = Content;
			sourceTree = "<group>";
		};
		D491A66825BF55DF00A0779F /* Colours */ = {
			isa = PBXGroup;
			children = (
				D491A66925BF55F400A0779F /* AppColours.xcassets */,
			);
			path = Colours;
			sourceTree = "<group>";
		};
		D491A66E25BF561600A0779F /* Extensions */ = {
			isa = PBXGroup;
			children = (
				D491A66F25BF562300A0779F /* Color */,
			);
			path = Extensions;
			sourceTree = "<group>";
		};
		D491A66F25BF562300A0779F /* Color */ = {
			isa = PBXGroup;
			children = (
				D491A67025BF562F00A0779F /* AppColours.swift */,
			);
			path = Color;
			sourceTree = "<group>";
		};
		D491A67525BF567100A0779F /* Images */ = {
			isa = PBXGroup;
			children = (
				D491A63A25BF543F00A0779F /* Assets.xcassets */,
			);
			path = Images;
			sourceTree = "<group>";
		};
		D491A67625BF572300A0779F /* Fonts */ = {
			isa = PBXGroup;
			children = (
				D491A67725BF575E00A0779F /* Fonts.swift */,
				D491A67C25BF57AD00A0779F /* Inter */,
			);
			path = Fonts;
			sourceTree = "<group>";
		};
		D491A67C25BF57AD00A0779F /* Inter */ = {
			isa = PBXGroup;
			children = (
				D491A67D25BF57AD00A0779F /* Inter-VariableFont_slnt,wght.ttf */,
				D491A67E25BF57AD00A0779F /* static */,
				D491A68825BF57AD00A0779F /* OFL.txt */,
				D491A68925BF57AD00A0779F /* README.txt */,
			);
			path = Inter;
			sourceTree = "<group>";
		};
		D491A67E25BF57AD00A0779F /* static */ = {
			isa = PBXGroup;
			children = (
				D491A67F25BF57AD00A0779F /* Inter-Medium.ttf */,
				D491A68025BF57AD00A0779F /* Inter-Light.ttf */,
				D491A68125BF57AD00A0779F /* Inter-Thin.ttf */,
				D491A68225BF57AD00A0779F /* Inter-Bold.ttf */,
				D491A68325BF57AD00A0779F /* Inter-Regular.ttf */,
				D491A68425BF57AD00A0779F /* Inter-ExtraBold.ttf */,
				D491A68525BF57AD00A0779F /* Inter-ExtraLight.ttf */,
				D491A68625BF57AD00A0779F /* Inter-Black.ttf */,
				D491A68725BF57AD00A0779F /* Inter-SemiBold.ttf */,
			);
			path = static;
			sourceTree = "<group>";
		};
		D491A69C25BF5A2800A0779F /* Reusables */ = {
			isa = PBXGroup;
			children = (
				D491A69D25BF5A4600A0779F /* Views */,
			);
			path = Reusables;
			sourceTree = "<group>";
		};
		D491A69D25BF5A4600A0779F /* Views */ = {
			isa = PBXGroup;
			children = (
				D491A69E25BF5A4E00A0779F /* Buttons */,
			);
			path = Views;
			sourceTree = "<group>";
		};
		D491A69E25BF5A4E00A0779F /* Buttons */ = {
			isa = PBXGroup;
			children = (
				D491A69F25BF5A5C00A0779F /* CLPrimaryButton.swift */,
				D491A6A425BF5B1100A0779F /* CLSecondaryButton.swift */,
			);
			path = Buttons;
			sourceTree = "<group>";
		};
/* End PBXGroup section */

/* Begin PBXNativeTarget section */
		D491A63225BF543B00A0779F /* Codelathe-Test-SwiftUI */ = {
			isa = PBXNativeTarget;
			buildConfigurationList = D491A65825BF543F00A0779F /* Build configuration list for PBXNativeTarget "Codelathe-Test-SwiftUI" */;
			buildPhases = (
				D491A62F25BF543B00A0779F /* Sources */,
				D491A63025BF543B00A0779F /* Frameworks */,
				D491A63125BF543B00A0779F /* Resources */,
			);
			buildRules = (
			);
			dependencies = (
			);
			name = "Codelathe-Test-SwiftUI";
			productName = "Codelathe-Test-SwiftUI";
			productReference = D491A63325BF543C00A0779F /* Codelathe-Test-SwiftUI.app */;
			productType = "com.apple.product-type.application";
		};
		D491A64325BF543F00A0779F /* Codelathe-Test-SwiftUITests */ = {
			isa = PBXNativeTarget;
			buildConfigurationList = D491A65B25BF543F00A0779F /* Build configuration list for PBXNativeTarget "Codelathe-Test-SwiftUITests" */;
			buildPhases = (
				D491A64025BF543F00A0779F /* Sources */,
				D491A64125BF543F00A0779F /* Frameworks */,
				D491A64225BF543F00A0779F /* Resources */,
			);
			buildRules = (
			);
			dependencies = (
				D491A64625BF543F00A0779F /* PBXTargetDependency */,
			);
			name = "Codelathe-Test-SwiftUITests";
			productName = "Codelathe-Test-SwiftUITests";
			productReference = D491A64425BF543F00A0779F /* Codelathe-Test-SwiftUITests.xctest */;
			productType = "com.apple.product-type.bundle.unit-test";
		};
		D491A64E25BF543F00A0779F /* Codelathe-Test-SwiftUIUITests */ = {
			isa = PBXNativeTarget;
			buildConfigurationList = D491A65E25BF543F00A0779F /* Build configuration list for PBXNativeTarget "Codelathe-Test-SwiftUIUITests" */;
			buildPhases = (
				D491A64B25BF543F00A0779F /* Sources */,
				D491A64C25BF543F00A0779F /* Frameworks */,
				D491A64D25BF543F00A0779F /* Resources */,
			);
			buildRules = (
			);
			dependencies = (
				D491A65125BF543F00A0779F /* PBXTargetDependency */,
			);
			name = "Codelathe-Test-SwiftUIUITests";
			productName = "Codelathe-Test-SwiftUIUITests";
			productReference = D491A64F25BF543F00A0779F /* Codelathe-Test-SwiftUIUITests.xctest */;
			productType = "com.apple.product-type.bundle.ui-testing";
		};
/* End PBXNativeTarget section */

/* Begin PBXProject section */
		D491A62B25BF543B00A0779F /* Project object */ = {
			isa = PBXProject;
			attributes = {
				LastSwiftUpdateCheck = 1220;
				LastUpgradeCheck = 1220;
				TargetAttributes = {
					D491A63225BF543B00A0779F = {
						CreatedOnToolsVersion = 12.2;
					};
					D491A64325BF543F00A0779F = {
						CreatedOnToolsVersion = 12.2;
						TestTargetID = D491A63225BF543B00A0779F;
					};
					D491A64E25BF543F00A0779F = {
						CreatedOnToolsVersion = 12.2;
						TestTargetID = D491A63225BF543B00A0779F;
					};
				};
			};
			buildConfigurationList = D491A62E25BF543B00A0779F /* Build configuration list for PBXProject "Codelathe-Test-SwiftUI" */;
			compatibilityVersion = "Xcode 9.3";
			developmentRegion = en;
			hasScannedForEncodings = 0;
			knownRegions = (
				en,
				Base,
			);
			mainGroup = D491A62A25BF543B00A0779F;
			productRefGroup = D491A63425BF543C00A0779F /* Products */;
			projectDirPath = "";
			projectRoot = "";
			targets = (
				D491A63225BF543B00A0779F /* Codelathe-Test-SwiftUI */,
				D491A64325BF543F00A0779F /* Codelathe-Test-SwiftUITests */,
				D491A64E25BF543F00A0779F /* Codelathe-Test-SwiftUIUITests */,
			);
		};
/* End PBXProject section */

/* Begin PBXResourcesBuildPhase section */
		D491A63125BF543B00A0779F /* Resources */ = {
			isa = PBXResourcesBuildPhase;
			buildActionMask = 2147483647;
			files = (
				D491A69425BF57AD00A0779F /* OFL.txt in Resources */,
				D491A68A25BF57AD00A0779F /* Inter-VariableFont_slnt,wght.ttf in Resources */,
				D491A68F25BF57AD00A0779F /* Inter-Regular.ttf in Resources */,
				D491A66A25BF55F400A0779F /* AppColours.xcassets in Resources */,
				D491A69525BF57AD00A0779F /* README.txt in Resources */,
				D491A68E25BF57AD00A0779F /* Inter-Bold.ttf in Resources */,
				D491A69325BF57AD00A0779F /* Inter-SemiBold.ttf in Resources */,
				D491A63E25BF543F00A0779F /* Preview Assets.xcassets in Resources */,
				D491A69025BF57AD00A0779F /* Inter-ExtraBold.ttf in Resources */,
				D491A68B25BF57AD00A0779F /* Inter-Medium.ttf in Resources */,
				D491A69225BF57AD00A0779F /* Inter-Black.ttf in Resources */,
				D491A68C25BF57AD00A0779F /* Inter-Light.ttf in Resources */,
				D491A69125BF57AD00A0779F /* Inter-ExtraLight.ttf in Resources */,
				D491A63B25BF543F00A0779F /* Assets.xcassets in Resources */,
				D491A68D25BF57AD00A0779F /* Inter-Thin.ttf in Resources */,
			);
			runOnlyForDeploymentPostprocessing = 0;
		};
		D491A64225BF543F00A0779F /* Resources */ = {
			isa = PBXResourcesBuildPhase;
			buildActionMask = 2147483647;
			files = (
			);
			runOnlyForDeploymentPostprocessing = 0;
		};
		D491A64D25BF543F00A0779F /* Resources */ = {
			isa = PBXResourcesBuildPhase;
			buildActionMask = 2147483647;
			files = (
			);
			runOnlyForDeploymentPostprocessing = 0;
		};
/* End PBXResourcesBuildPhase section */

/* Begin PBXSourcesBuildPhase section */
		D491A62F25BF543B00A0779F /* Sources */ = {
			isa = PBXSourcesBuildPhase;
			buildActionMask = 2147483647;
			files = (
				D491A67825BF575E00A0779F /* Fonts.swift in Sources */,
				D491A63925BF543C00A0779F /* ContentView.swift in Sources */,
				D491A6A025BF5A5C00A0779F /* CLPrimaryButton.swift in Sources */,
				D491A6A525BF5B1100A0779F /* CLSecondaryButton.swift in Sources */,
				D491A63725BF543C00A0779F /* Codelathe_Test_SwiftUIApp.swift in Sources */,
				D491A67125BF562F00A0779F /* AppColours.swift in Sources */,
			);
			runOnlyForDeploymentPostprocessing = 0;
		};
		D491A64025BF543F00A0779F /* Sources */ = {
			isa = PBXSourcesBuildPhase;
			buildActionMask = 2147483647;
			files = (
				D491A64925BF543F00A0779F /* Codelathe_Test_SwiftUITests.swift in Sources */,
			);
			runOnlyForDeploymentPostprocessing = 0;
		};
		D491A64B25BF543F00A0779F /* Sources */ = {
			isa = PBXSourcesBuildPhase;
			buildActionMask = 2147483647;
			files = (
				D491A65425BF543F00A0779F /* Codelathe_Test_SwiftUIUITests.swift in Sources */,
			);
			runOnlyForDeploymentPostprocessing = 0;
		};
/* End PBXSourcesBuildPhase section */

/* Begin PBXTargetDependency section */
		D491A64625BF543F00A0779F /* PBXTargetDependency */ = {
			isa = PBXTargetDependency;
			target = D491A63225BF543B00A0779F /* Codelathe-Test-SwiftUI */;
			targetProxy = D491A64525BF543F00A0779F /* PBXContainerItemProxy */;
		};
		D491A65125BF543F00A0779F /* PBXTargetDependency */ = {
			isa = PBXTargetDependency;
			target = D491A63225BF543B00A0779F /* Codelathe-Test-SwiftUI */;
			targetProxy = D491A65025BF543F00A0779F /* PBXContainerItemProxy */;
		};
/* End PBXTargetDependency section */

/* Begin XCBuildConfiguration section */
		D491A65625BF543F00A0779F /* Debug */ = {
			isa = XCBuildConfiguration;
			buildSettings = {
				ALWAYS_SEARCH_USER_PATHS = NO;
				CLANG_ANALYZER_NONNULL = YES;
				CLANG_ANALYZER_NUMBER_OBJECT_CONVERSION = YES_AGGRESSIVE;
				CLANG_CXX_LANGUAGE_STANDARD = "gnu++14";
				CLANG_CXX_LIBRARY = "libc++";
				CLANG_ENABLE_MODULES = YES;
				CLANG_ENABLE_OBJC_ARC = YES;
				CLANG_ENABLE_OBJC_WEAK = YES;
				CLANG_WARN_BLOCK_CAPTURE_AUTORELEASING = YES;
				CLANG_WARN_BOOL_CONVERSION = YES;
				CLANG_WARN_COMMA = YES;
				CLANG_WARN_CONSTANT_CONVERSION = YES;
				CLANG_WARN_DEPRECATED_OBJC_IMPLEMENTATIONS = YES;
				CLANG_WARN_DIRECT_OBJC_ISA_USAGE = YES_ERROR;
				CLANG_WARN_DOCUMENTATION_COMMENTS = YES;
				CLANG_WARN_EMPTY_BODY = YES;
				CLANG_WARN_ENUM_CONVERSION = YES;
				CLANG_WARN_INFINITE_RECURSION = YES;
				CLANG_WARN_INT_CONVERSION = YES;
				CLANG_WARN_NON_LITERAL_NULL_CONVERSION = YES;
				CLANG_WARN_OBJC_IMPLICIT_RETAIN_SELF = YES;
				CLANG_WARN_OBJC_LITERAL_CONVERSION = YES;
				CLANG_WARN_OBJC_ROOT_CLASS = YES_ERROR;
				CLANG_WARN_QUOTED_INCLUDE_IN_FRAMEWORK_HEADER = YES;
				CLANG_WARN_RANGE_LOOP_ANALYSIS = YES;
				CLANG_WARN_STRICT_PROTOTYPES = YES;
				CLANG_WARN_SUSPICIOUS_MOVE = YES;
				CLANG_WARN_UNGUARDED_AVAILABILITY = YES_AGGRESSIVE;
				CLANG_WARN_UNREACHABLE_CODE = YES;
				CLANG_WARN__DUPLICATE_METHOD_MATCH = YES;
				COPY_PHASE_STRIP = NO;
				DEBUG_INFORMATION_FORMAT = dwarf;
				ENABLE_STRICT_OBJC_MSGSEND = YES;
				ENABLE_TESTABILITY = YES;
				GCC_C_LANGUAGE_STANDARD = gnu11;
				GCC_DYNAMIC_NO_PIC = NO;
				GCC_NO_COMMON_BLOCKS = YES;
				GCC_OPTIMIZATION_LEVEL = 0;
				GCC_PREPROCESSOR_DEFINITIONS = (
					"DEBUG=1",
					"$(inherited)",
				);
				GCC_WARN_64_TO_32_BIT_CONVERSION = YES;
				GCC_WARN_ABOUT_RETURN_TYPE = YES_ERROR;
				GCC_WARN_UNDECLARED_SELECTOR = YES;
				GCC_WARN_UNINITIALIZED_AUTOS = YES_AGGRESSIVE;
				GCC_WARN_UNUSED_FUNCTION = YES;
				GCC_WARN_UNUSED_VARIABLE = YES;
				IPHONEOS_DEPLOYMENT_TARGET = 14.2;
				MTL_ENABLE_DEBUG_INFO = INCLUDE_SOURCE;
				MTL_FAST_MATH = YES;
				ONLY_ACTIVE_ARCH = YES;
				SDKROOT = iphoneos;
				SWIFT_ACTIVE_COMPILATION_CONDITIONS = DEBUG;
				SWIFT_OPTIMIZATION_LEVEL = "-Onone";
			};
			name = Debug;
		};
		D491A65725BF543F00A0779F /* Release */ = {
			isa = XCBuildConfiguration;
			buildSettings = {
				ALWAYS_SEARCH_USER_PATHS = NO;
				CLANG_ANALYZER_NONNULL = YES;
				CLANG_ANALYZER_NUMBER_OBJECT_CONVERSION = YES_AGGRESSIVE;
				CLANG_CXX_LANGUAGE_STANDARD = "gnu++14";
				CLANG_CXX_LIBRARY = "libc++";
				CLANG_ENABLE_MODULES = YES;
				CLANG_ENABLE_OBJC_ARC = YES;
				CLANG_ENABLE_OBJC_WEAK = YES;
				CLANG_WARN_BLOCK_CAPTURE_AUTORELEASING = YES;
				CLANG_WARN_BOOL_CONVERSION = YES;
				CLANG_WARN_COMMA = YES;
				CLANG_WARN_CONSTANT_CONVERSION = YES;
				CLANG_WARN_DEPRECATED_OBJC_IMPLEMENTATIONS = YES;
				CLANG_WARN_DIRECT_OBJC_ISA_USAGE = YES_ERROR;
				CLANG_WARN_DOCUMENTATION_COMMENTS = YES;
				CLANG_WARN_EMPTY_BODY = YES;
				CLANG_WARN_ENUM_CONVERSION = YES;
				CLANG_WARN_INFINITE_RECURSION = YES;
				CLANG_WARN_INT_CONVERSION = YES;
				CLANG_WARN_NON_LITERAL_NULL_CONVERSION = YES;
				CLANG_WARN_OBJC_IMPLICIT_RETAIN_SELF = YES;
				CLANG_WARN_OBJC_LITERAL_CONVERSION = YES;
				CLANG_WARN_OBJC_ROOT_CLASS = YES_ERROR;
				CLANG_WARN_QUOTED_INCLUDE_IN_FRAMEWORK_HEADER = YES;
				CLANG_WARN_RANGE_LOOP_ANALYSIS = YES;
				CLANG_WARN_STRICT_PROTOTYPES = YES;
				CLANG_WARN_SUSPICIOUS_MOVE = YES;
				CLANG_WARN_UNGUARDED_AVAILABILITY = YES_AGGRESSIVE;
				CLANG_WARN_UNREACHABLE_CODE = YES;
				CLANG_WARN__DUPLICATE_METHOD_MATCH = YES;
				COPY_PHASE_STRIP = NO;
				DEBUG_INFORMATION_FORMAT = "dwarf-with-dsym";
				ENABLE_NS_ASSERTIONS = NO;
				ENABLE_STRICT_OBJC_MSGSEND = YES;
				GCC_C_LANGUAGE_STANDARD = gnu11;
				GCC_NO_COMMON_BLOCKS = YES;
				GCC_WARN_64_TO_32_BIT_CONVERSION = YES;
				GCC_WARN_ABOUT_RETURN_TYPE = YES_ERROR;
				GCC_WARN_UNDECLARED_SELECTOR = YES;
				GCC_WARN_UNINITIALIZED_AUTOS = YES_AGGRESSIVE;
				GCC_WARN_UNUSED_FUNCTION = YES;
				GCC_WARN_UNUSED_VARIABLE = YES;
				IPHONEOS_DEPLOYMENT_TARGET = 14.2;
				MTL_ENABLE_DEBUG_INFO = NO;
				MTL_FAST_MATH = YES;
				SDKROOT = iphoneos;
				SWIFT_COMPILATION_MODE = wholemodule;
				SWIFT_OPTIMIZATION_LEVEL = "-O";
				VALIDATE_PRODUCT = YES;
			};
			name = Release;
		};
		D491A65925BF543F00A0779F /* Debug */ = {
			isa = XCBuildConfiguration;
			buildSettings = {
				ASSETCATALOG_COMPILER_APPICON_NAME = AppIcon;
				ASSETCATALOG_COMPILER_GLOBAL_ACCENT_COLOR_NAME = AccentColor;
				CODE_SIGN_STYLE = Automatic;
				DEVELOPMENT_ASSET_PATHS = "\"Codelathe-Test-SwiftUI/Preview Content\"";
				DEVELOPMENT_TEAM = 5D6D89YR6P;
				ENABLE_PREVIEWS = YES;
				INFOPLIST_FILE = "Codelathe-Test-SwiftUI/Info.plist";
				IPHONEOS_DEPLOYMENT_TARGET = 14.0;
				LD_RUNPATH_SEARCH_PATHS = (
					"$(inherited)",
					"@executable_path/Frameworks",
				);
				PRODUCT_BUNDLE_IDENTIFIER = "Alex-Marchant.Codelathe-Test-SwiftUI";
				PRODUCT_NAME = "$(TARGET_NAME)";
				SWIFT_VERSION = 5.0;
				TARGETED_DEVICE_FAMILY = "1,2";
			};
			name = Debug;
		};
		D491A65A25BF543F00A0779F /* Release */ = {
			isa = XCBuildConfiguration;
			buildSettings = {
				ASSETCATALOG_COMPILER_APPICON_NAME = AppIcon;
				ASSETCATALOG_COMPILER_GLOBAL_ACCENT_COLOR_NAME = AccentColor;
				CODE_SIGN_STYLE = Automatic;
				DEVELOPMENT_ASSET_PATHS = "\"Codelathe-Test-SwiftUI/Preview Content\"";
				DEVELOPMENT_TEAM = 5D6D89YR6P;
				ENABLE_PREVIEWS = YES;
				INFOPLIST_FILE = "Codelathe-Test-SwiftUI/Info.plist";
				IPHONEOS_DEPLOYMENT_TARGET = 14.0;
				LD_RUNPATH_SEARCH_PATHS = (
					"$(inherited)",
					"@executable_path/Frameworks",
				);
				PRODUCT_BUNDLE_IDENTIFIER = "Alex-Marchant.Codelathe-Test-SwiftUI";
				PRODUCT_NAME = "$(TARGET_NAME)";
				SWIFT_VERSION = 5.0;
				TARGETED_DEVICE_FAMILY = "1,2";
			};
			name = Release;
		};
		D491A65C25BF543F00A0779F /* Debug */ = {
			isa = XCBuildConfiguration;
			buildSettings = {
				ALWAYS_EMBED_SWIFT_STANDARD_LIBRARIES = YES;
				BUNDLE_LOADER = "$(TEST_HOST)";
				CODE_SIGN_STYLE = Automatic;
				DEVELOPMENT_TEAM = 5D6D89YR6P;
				INFOPLIST_FILE = "Codelathe-Test-SwiftUITests/Info.plist";
				IPHONEOS_DEPLOYMENT_TARGET = 14.0;
				LD_RUNPATH_SEARCH_PATHS = (
					"$(inherited)",
					"@executable_path/Frameworks",
					"@loader_path/Frameworks",
				);
				PRODUCT_BUNDLE_IDENTIFIER = "Alex-Marchant.Codelathe-Test-SwiftUITests";
				PRODUCT_NAME = "$(TARGET_NAME)";
				SWIFT_VERSION = 5.0;
				TARGETED_DEVICE_FAMILY = "1,2";
				TEST_HOST = "$(BUILT_PRODUCTS_DIR)/Codelathe-Test-SwiftUI.app/Codelathe-Test-SwiftUI";
			};
			name = Debug;
		};
		D491A65D25BF543F00A0779F /* Release */ = {
			isa = XCBuildConfiguration;
			buildSettings = {
				ALWAYS_EMBED_SWIFT_STANDARD_LIBRARIES = YES;
				BUNDLE_LOADER = "$(TEST_HOST)";
				CODE_SIGN_STYLE = Automatic;
				DEVELOPMENT_TEAM = 5D6D89YR6P;
				INFOPLIST_FILE = "Codelathe-Test-SwiftUITests/Info.plist";
				IPHONEOS_DEPLOYMENT_TARGET = 14.0;
				LD_RUNPATH_SEARCH_PATHS = (
					"$(inherited)",
					"@executable_path/Frameworks",
					"@loader_path/Frameworks",
				);
				PRODUCT_BUNDLE_IDENTIFIER = "Alex-Marchant.Codelathe-Test-SwiftUITests";
				PRODUCT_NAME = "$(TARGET_NAME)";
				SWIFT_VERSION = 5.0;
				TARGETED_DEVICE_FAMILY = "1,2";
				TEST_HOST = "$(BUILT_PRODUCTS_DIR)/Codelathe-Test-SwiftUI.app/Codelathe-Test-SwiftUI";
			};
			name = Release;
		};
		D491A65F25BF543F00A0779F /* Debug */ = {
			isa = XCBuildConfiguration;
			buildSettings = {
				ALWAYS_EMBED_SWIFT_STANDARD_LIBRARIES = YES;
				CODE_SIGN_STYLE = Automatic;
				DEVELOPMENT_TEAM = 5D6D89YR6P;
				INFOPLIST_FILE = "Codelathe-Test-SwiftUIUITests/Info.plist";
				LD_RUNPATH_SEARCH_PATHS = (
					"$(inherited)",
					"@executable_path/Frameworks",
					"@loader_path/Frameworks",
				);
				PRODUCT_BUNDLE_IDENTIFIER = "Alex-Marchant.Codelathe-Test-SwiftUIUITests";
				PRODUCT_NAME = "$(TARGET_NAME)";
				SWIFT_VERSION = 5.0;
				TARGETED_DEVICE_FAMILY = "1,2";
				TEST_TARGET_NAME = "Codelathe-Test-SwiftUI";
			};
			name = Debug;
		};
		D491A66025BF543F00A0779F /* Release */ = {
			isa = XCBuildConfiguration;
			buildSettings = {
				ALWAYS_EMBED_SWIFT_STANDARD_LIBRARIES = YES;
				CODE_SIGN_STYLE = Automatic;
				DEVELOPMENT_TEAM = 5D6D89YR6P;
				INFOPLIST_FILE = "Codelathe-Test-SwiftUIUITests/Info.plist";
				LD_RUNPATH_SEARCH_PATHS = (
					"$(inherited)",
					"@executable_path/Frameworks",
					"@loader_path/Frameworks",
				);
				PRODUCT_BUNDLE_IDENTIFIER = "Alex-Marchant.Codelathe-Test-SwiftUIUITests";
				PRODUCT_NAME = "$(TARGET_NAME)";
				SWIFT_VERSION = 5.0;
				TARGETED_DEVICE_FAMILY = "1,2";
				TEST_TARGET_NAME = "Codelathe-Test-SwiftUI";
			};
			name = Release;
		};
/* End XCBuildConfiguration section */

/* Begin XCConfigurationList section */
		D491A62E25BF543B00A0779F /* Build configuration list for PBXProject "Codelathe-Test-SwiftUI" */ = {
			isa = XCConfigurationList;
			buildConfigurations = (
				D491A65625BF543F00A0779F /* Debug */,
				D491A65725BF543F00A0779F /* Release */,
			);
			defaultConfigurationIsVisible = 0;
			defaultConfigurationName = Release;
		};
		D491A65825BF543F00A0779F /* Build configuration list for PBXNativeTarget "Codelathe-Test-SwiftUI" */ = {
			isa = XCConfigurationList;
			buildConfigurations = (
				D491A65925BF543F00A0779F /* Debug */,
				D491A65A25BF543F00A0779F /* Release */,
			);
			defaultConfigurationIsVisible = 0;
			defaultConfigurationName = Release;
		};
		D491A65B25BF543F00A0779F /* Build configuration list for PBXNativeTarget "Codelathe-Test-SwiftUITests" */ = {
			isa = XCConfigurationList;
			buildConfigurations = (
				D491A65C25BF543F00A0779F /* Debug */,
				D491A65D25BF543F00A0779F /* Release */,
			);
			defaultConfigurationIsVisible = 0;
			defaultConfigurationName = Release;
		};
		D491A65E25BF543F00A0779F /* Build configuration list for PBXNativeTarget "Codelathe-Test-SwiftUIUITests" */ = {
			isa = XCConfigurationList;
			buildConfigurations = (
				D491A65F25BF543F00A0779F /* Debug */,
				D491A66025BF543F00A0779F /* Release */,
			);
			defaultConfigurationIsVisible = 0;
			defaultConfigurationName = Release;
		};
/* End XCConfigurationList section */
	};
	rootObject = D491A62B25BF543B00A0779F /* Project object */;
}
