// !$*UTF8*$!
{
	archiveVersion = 1;
	classes = {
	};
	objectVersion = 52;
	objects = {

/* Begin PBXBuildFile section */
		D47D355E25BF9F29009C9D26 /* Icons.xcassets in Resources */ = {isa = PBXBuildFile; fileRef = D47D355D25BF9F29009C9D26 /* Icons.xcassets */; };
		D47D356325C03750009C9D26 /* SkillsTagView.swift in Sources */ = {isa = PBXBuildFile; fileRef = D47D356225C03750009C9D26 /* SkillsTagView.swift */; };
		D47D356825C03E36009C9D26 /* ShowcaseDetailView.swift in Sources */ = {isa = PBXBuildFile; fileRef = D47D356725C03E36009C9D26 /* ShowcaseDetailView.swift */; };
		D47D356D25C04472009C9D26 /* ShowcaseDetailViewModel.swift in Sources */ = {isa = PBXBuildFile; fileRef = D47D356C25C04472009C9D26 /* ShowcaseDetailViewModel.swift */; };
		D47D357425C05618009C9D26 /* ContactCandidateService.swift in Sources */ = {isa = PBXBuildFile; fileRef = D47D357225C05617009C9D26 /* ContactCandidateService.swift */; };
		D47D357525C05618009C9D26 /* ContactCandidateServiceProtocol.swift in Sources */ = {isa = PBXBuildFile; fileRef = D47D357325C05617009C9D26 /* ContactCandidateServiceProtocol.swift */; };
		D47D357E25C06069009C9D26 /* NavigationBarConfigurator.swift in Sources */ = {isa = PBXBuildFile; fileRef = D47D357D25C06069009C9D26 /* NavigationBarConfigurator.swift */; };
		D47D359625C08957009C9D26 /* SDWebImageSwiftUI in Frameworks */ = {isa = PBXBuildFile; productRef = D47D359525C08957009C9D26 /* SDWebImageSwiftUI */; };
		D491A63725BF543C00A0779F /* Codelathe_Test_SwiftUIApp.swift in Sources */ = {isa = PBXBuildFile; fileRef = D491A63625BF543C00A0779F /* Codelathe_Test_SwiftUIApp.swift */; };
		D491A63925BF543C00A0779F /* ContentView.swift in Sources */ = {isa = PBXBuildFile; fileRef = D491A63825BF543C00A0779F /* ContentView.swift */; };
		D491A63B25BF543F00A0779F /* Assets.xcassets in Resources */ = {isa = PBXBuildFile; fileRef = D491A63A25BF543F00A0779F /* Assets.xcassets */; };
		D491A63E25BF543F00A0779F /* Preview Assets.xcassets in Resources */ = {isa = PBXBuildFile; fileRef = D491A63D25BF543F00A0779F /* Preview Assets.xcassets */; };
		D491A64925BF543F00A0779F /* Codelathe_Test_SwiftUITests.swift in Sources */ = {isa = PBXBuildFile; fileRef = D491A64825BF543F00A0779F /* Codelathe_Test_SwiftUITests.swift */; };
		D491A65425BF543F00A0779F /* Codelathe_Test_SwiftUIUITests.swift in Sources */ = {isa = PBXBuildFile; fileRef = D491A65325BF543F00A0779F /* Codelathe_Test_SwiftUIUITests.swift */; };
		D491A66A25BF55F400A0779F /* AppColours.xcassets in Resources */ = {isa = PBXBuildFile; fileRef = D491A66925BF55F400A0779F /* AppColours.xcassets */; };
		D491A67125BF562F00A0779F /* AppColours.swift in Sources */ = {isa = PBXBuildFile; fileRef = D491A67025BF562F00A0779F /* AppColours.swift */; };
		D491A67825BF575E00A0779F /* Fonts.swift in Sources */ = {isa = PBXBuildFile; fileRef = D491A67725BF575E00A0779F /* Fonts.swift */; };
		D491A68A25BF57AD00A0779F /* Inter-VariableFont_slnt,wght.ttf in Resources */ = {isa = PBXBuildFile; fileRef = D491A67D25BF57AD00A0779F /* Inter-VariableFont_slnt,wght.ttf */; };
		D491A68B25BF57AD00A0779F /* Inter-Medium.ttf in Resources */ = {isa = PBXBuildFile; fileRef = D491A67F25BF57AD00A0779F /* Inter-Medium.ttf */; };
		D491A68C25BF57AD00A0779F /* Inter-Light.ttf in Resources */ = {isa = PBXBuildFile; fileRef = D491A68025BF57AD00A0779F /* Inter-Light.ttf */; };
		D491A68D25BF57AD00A0779F /* Inter-Thin.ttf in Resources */ = {isa = PBXBuildFile; fileRef = D491A68125BF57AD00A0779F /* Inter-Thin.ttf */; };
		D491A68E25BF57AD00A0779F /* Inter-Bold.ttf in Resources */ = {isa = PBXBuildFile; fileRef = D491A68225BF57AD00A0779F /* Inter-Bold.ttf */; };
		D491A68F25BF57AD00A0779F /* Inter-Regular.ttf in Resources */ = {isa = PBXBuildFile; fileRef = D491A68325BF57AD00A0779F /* Inter-Regular.ttf */; };
		D491A69025BF57AD00A0779F /* Inter-ExtraBold.ttf in Resources */ = {isa = PBXBuildFile; fileRef = D491A68425BF57AD00A0779F /* Inter-ExtraBold.ttf */; };
		D491A69125BF57AD00A0779F /* Inter-ExtraLight.ttf in Resources */ = {isa = PBXBuildFile; fileRef = D491A68525BF57AD00A0779F /* Inter-ExtraLight.ttf */; };
		D491A69225BF57AD00A0779F /* Inter-Black.ttf in Resources */ = {isa = PBXBuildFile; fileRef = D491A68625BF57AD00A0779F /* Inter-Black.ttf */; };
		D491A69325BF57AD00A0779F /* Inter-SemiBold.ttf in Resources */ = {isa = PBXBuildFile; fileRef = D491A68725BF57AD00A0779F /* Inter-SemiBold.ttf */; };
		D491A69425BF57AD00A0779F /* OFL.txt in Resources */ = {isa = PBXBuildFile; fileRef = D491A68825BF57AD00A0779F /* OFL.txt */; };
		D491A69525BF57AD00A0779F /* README.txt in Resources */ = {isa = PBXBuildFile; fileRef = D491A68925BF57AD00A0779F /* README.txt */; };
		D491A6A025BF5A5C00A0779F /* CLPrimaryButton.swift in Sources */ = {isa = PBXBuildFile; fileRef = D491A69F25BF5A5C00A0779F /* CLPrimaryButton.swift */; };
		D491A6A525BF5B1100A0779F /* CLSecondaryButton.swift in Sources */ = {isa = PBXBuildFile; fileRef = D491A6A425BF5B1100A0779F /* CLSecondaryButton.swift */; };
		D491A6AB25BF606300A0779F /* CLTitleTextView.swift in Sources */ = {isa = PBXBuildFile; fileRef = D491A6AA25BF606300A0779F /* CLTitleTextView.swift */; };
		D491A6B325BF60B200A0779F /* CLSubTitleTextView.swift in Sources */ = {isa = PBXBuildFile; fileRef = D491A6B225BF60B200A0779F /* CLSubTitleTextView.swift */; };
		D491A6B825BF60D800A0779F /* CLHeaderTextView.swift in Sources */ = {isa = PBXBuildFile; fileRef = D491A6B725BF60D800A0779F /* CLHeaderTextView.swift */; };
		D491A6BD25BF60F600A0779F /* CLSubHeaderTextView.swift in Sources */ = {isa = PBXBuildFile; fileRef = D491A6BC25BF60F600A0779F /* CLSubHeaderTextView.swift */; };
		D491A6C225BF611A00A0779F /* CLBodyTextView.swift in Sources */ = {isa = PBXBuildFile; fileRef = D491A6C125BF611A00A0779F /* CLBodyTextView.swift */; };
		D491A6C725BF613500A0779F /* CLCaptionTextView.swift in Sources */ = {isa = PBXBuildFile; fileRef = D491A6C625BF613500A0779F /* CLCaptionTextView.swift */; };
		D491A6DD25BF62DE00A0779F /* GiphyView.swift in Sources */ = {isa = PBXBuildFile; fileRef = D491A6DC25BF62DE00A0779F /* GiphyView.swift */; };
		D491A6E725BF631900A0779F /* GiphyRowView.swift in Sources */ = {isa = PBXBuildFile; fileRef = D491A6E625BF631900A0779F /* GiphyRowView.swift */; };
		D491A6EC25BF635200A0779F /* Gif.swift in Sources */ = {isa = PBXBuildFile; fileRef = D491A6EB25BF635200A0779F /* Gif.swift */; };
		D491A6F225BF64D300A0779F /* GiphyRowViewModel.swift in Sources */ = {isa = PBXBuildFile; fileRef = D491A6F125BF64D300A0779F /* GiphyRowViewModel.swift */; };
		D491A6FF25BF652F00A0779F /* UrlSessionService.swift in Sources */ = {isa = PBXBuildFile; fileRef = D491A6FD25BF652F00A0779F /* UrlSessionService.swift */; };
		D491A70E25BF6A4500A0779F /* GiphyViewModel.swift in Sources */ = {isa = PBXBuildFile; fileRef = D491A70D25BF6A4500A0779F /* GiphyViewModel.swift */; };
		D491A71725BF6B5B00A0779F /* GiphyServiceProtocol.swift in Sources */ = {isa = PBXBuildFile; fileRef = D491A71525BF6B5B00A0779F /* GiphyServiceProtocol.swift */; };
		D491A71825BF6B5B00A0779F /* GiphyService.swift in Sources */ = {isa = PBXBuildFile; fileRef = D491A71625BF6B5B00A0779F /* GiphyService.swift */; };
		D491A72325BF6B7C00A0779F /* GifTrendModel.swift in Sources */ = {isa = PBXBuildFile; fileRef = D491A71E25BF6B7C00A0779F /* GifTrendModel.swift */; };
		D491A72425BF6B7C00A0779F /* GifSearchModel.swift in Sources */ = {isa = PBXBuildFile; fileRef = D491A72025BF6B7C00A0779F /* GifSearchModel.swift */; };
		D491A72525BF6B7C00A0779F /* GifSupportModels.swift in Sources */ = {isa = PBXBuildFile; fileRef = D491A72225BF6B7C00A0779F /* GifSupportModels.swift */; };
		D491A72B25BF6B9800A0779F /* Result.swift in Sources */ = {isa = PBXBuildFile; fileRef = D491A72925BF6B9800A0779F /* Result.swift */; };
		D491A72C25BF6B9800A0779F /* APIResponse.swift in Sources */ = {isa = PBXBuildFile; fileRef = D491A72A25BF6B9800A0779F /* APIResponse.swift */; };
		D491A73225BF6BAD00A0779F /* Constants.swift in Sources */ = {isa = PBXBuildFile; fileRef = D491A73125BF6BAD00A0779F /* Constants.swift */; };
		D491A74125BF91DB00A0779F /* VirtualCVView.swift in Sources */ = {isa = PBXBuildFile; fileRef = D491A74025BF91DB00A0779F /* VirtualCVView.swift */; };
		D491A74925BF91E400A0779F /* VirtualCVViewModel.swift in Sources */ = {isa = PBXBuildFile; fileRef = D491A74825BF91E400A0779F /* VirtualCVViewModel.swift */; };
		D491A75225BF920800A0779F /* SkillItemView.swift in Sources */ = {isa = PBXBuildFile; fileRef = D491A75125BF920800A0779F /* SkillItemView.swift */; };
		D491A76025BF923900A0779F /* GalleryItemView.swift in Sources */ = {isa = PBXBuildFile; fileRef = D491A75F25BF923900A0779F /* GalleryItemView.swift */; };
		D491A76825BF924100A0779F /* GalleryItemViewModel.swift in Sources */ = {isa = PBXBuildFile; fileRef = D491A76725BF924100A0779F /* GalleryItemViewModel.swift */; };
		D491A77425BF92BA00A0779F /* CandidateSkill.swift in Sources */ = {isa = PBXBuildFile; fileRef = D491A76E25BF92B900A0779F /* CandidateSkill.swift */; };
		D491A77525BF92BA00A0779F /* Candidate.swift in Sources */ = {isa = PBXBuildFile; fileRef = D491A77025BF92BA00A0779F /* Candidate.swift */; };
		D491A77625BF92BA00A0779F /* CandidateGallery.swift in Sources */ = {isa = PBXBuildFile; fileRef = D491A77225BF92BA00A0779F /* CandidateGallery.swift */; };
		D491A77725BF92BA00A0779F /* GalleryShowcase.swift in Sources */ = {isa = PBXBuildFile; fileRef = D491A77325BF92BA00A0779F /* GalleryShowcase.swift */; };
/* End PBXBuildFile section */

/* Begin PBXContainerItemProxy section */
		D491A64525BF543F00A0779F /* PBXContainerItemProxy */ = {
			isa = PBXContainerItemProxy;
			containerPortal = D491A62B25BF543B00A0779F /* Project object */;
			proxyType = 1;
			remoteGlobalIDString = D491A63225BF543B00A0779F;
			remoteInfo = "Codelathe-Test-SwiftUI";
		};
		D491A65025BF543F00A0779F /* PBXContainerItemProxy */ = {
			isa = PBXContainerItemProxy;
			containerPortal = D491A62B25BF543B00A0779F /* Project object */;
			proxyType = 1;
			remoteGlobalIDString = D491A63225BF543B00A0779F;
			remoteInfo = "Codelathe-Test-SwiftUI";
		};
/* End PBXContainerItemProxy section */

/* Begin PBXFileReference section */
		D47D355D25BF9F29009C9D26 /* Icons.xcassets */ = {isa = PBXFileReference; lastKnownFileType = folder.assetcatalog; path = Icons.xcassets; sourceTree = "<group>"; };
		D47D356225C03750009C9D26 /* SkillsTagView.swift */ = {isa = PBXFileReference; lastKnownFileType = sourcecode.swift; path = SkillsTagView.swift; sourceTree = "<group>"; };
		D47D356725C03E36009C9D26 /* ShowcaseDetailView.swift */ = {isa = PBXFileReference; lastKnownFileType = sourcecode.swift; path = ShowcaseDetailView.swift; sourceTree = "<group>"; };
		D47D356C25C04472009C9D26 /* ShowcaseDetailViewModel.swift */ = {isa = PBXFileReference; lastKnownFileType = sourcecode.swift; path = ShowcaseDetailViewModel.swift; sourceTree = "<group>"; };
		D47D357225C05617009C9D26 /* ContactCandidateService.swift */ = {isa = PBXFileReference; fileEncoding = 4; lastKnownFileType = sourcecode.swift; path = ContactCandidateService.swift; sourceTree = "<group>"; };
		D47D357325C05617009C9D26 /* ContactCandidateServiceProtocol.swift */ = {isa = PBXFileReference; fileEncoding = 4; lastKnownFileType = sourcecode.swift; path = ContactCandidateServiceProtocol.swift; sourceTree = "<group>"; };
		D47D357D25C06069009C9D26 /* NavigationBarConfigurator.swift */ = {isa = PBXFileReference; lastKnownFileType = sourcecode.swift; path = NavigationBarConfigurator.swift; sourceTree = "<group>"; };
		D491A63325BF543C00A0779F /* Codelathe-Test-SwiftUI.app */ = {isa = PBXFileReference; explicitFileType = wrapper.application; includeInIndex = 0; path = "Codelathe-Test-SwiftUI.app"; sourceTree = BUILT_PRODUCTS_DIR; };
		D491A63625BF543C00A0779F /* Codelathe_Test_SwiftUIApp.swift */ = {isa = PBXFileReference; lastKnownFileType = sourcecode.swift; path = Codelathe_Test_SwiftUIApp.swift; sourceTree = "<group>"; };
		D491A63825BF543C00A0779F /* ContentView.swift */ = {isa = PBXFileReference; lastKnownFileType = sourcecode.swift; path = ContentView.swift; sourceTree = "<group>"; };
		D491A63A25BF543F00A0779F /* Assets.xcassets */ = {isa = PBXFileReference; lastKnownFileType = folder.assetcatalog; path = Assets.xcassets; sourceTree = "<group>"; };
		D491A63D25BF543F00A0779F /* Preview Assets.xcassets */ = {isa = PBXFileReference; lastKnownFileType = folder.assetcatalog; path = "Preview Assets.xcassets"; sourceTree = "<group>"; };
		D491A63F25BF543F00A0779F /* Info.plist */ = {isa = PBXFileReference; lastKnownFileType = text.plist.xml; path = Info.plist; sourceTree = "<group>"; };
		D491A64425BF543F00A0779F /* Codelathe-Test-SwiftUITests.xctest */ = {isa = PBXFileReference; explicitFileType = wrapper.cfbundle; includeInIndex = 0; path = "Codelathe-Test-SwiftUITests.xctest"; sourceTree = BUILT_PRODUCTS_DIR; };
		D491A64825BF543F00A0779F /* Codelathe_Test_SwiftUITests.swift */ = {isa = PBXFileReference; lastKnownFileType = sourcecode.swift; path = Codelathe_Test_SwiftUITests.swift; sourceTree = "<group>"; };
		D491A64A25BF543F00A0779F /* Info.plist */ = {isa = PBXFileReference; lastKnownFileType = text.plist.xml; path = Info.plist; sourceTree = "<group>"; };
		D491A64F25BF543F00A0779F /* Codelathe-Test-SwiftUIUITests.xctest */ = {isa = PBXFileReference; explicitFileType = wrapper.cfbundle; includeInIndex = 0; path = "Codelathe-Test-SwiftUIUITests.xctest"; sourceTree = BUILT_PRODUCTS_DIR; };
		D491A65325BF543F00A0779F /* Codelathe_Test_SwiftUIUITests.swift */ = {isa = PBXFileReference; lastKnownFileType = sourcecode.swift; path = Codelathe_Test_SwiftUIUITests.swift; sourceTree = "<group>"; };
		D491A65525BF543F00A0779F /* Info.plist */ = {isa = PBXFileReference; lastKnownFileType = text.plist.xml; path = Info.plist; sourceTree = "<group>"; };
		D491A66925BF55F400A0779F /* AppColours.xcassets */ = {isa = PBXFileReference; lastKnownFileType = folder.assetcatalog; path = AppColours.xcassets; sourceTree = "<group>"; };
		D491A67025BF562F00A0779F /* AppColours.swift */ = {isa = PBXFileReference; lastKnownFileType = sourcecode.swift; path = AppColours.swift; sourceTree = "<group>"; };
		D491A67725BF575E00A0779F /* Fonts.swift */ = {isa = PBXFileReference; lastKnownFileType = sourcecode.swift; path = Fonts.swift; sourceTree = "<group>"; };
		D491A67D25BF57AD00A0779F /* Inter-VariableFont_slnt,wght.ttf */ = {isa = PBXFileReference; lastKnownFileType = file; path = "Inter-VariableFont_slnt,wght.ttf"; sourceTree = "<group>"; };
		D491A67F25BF57AD00A0779F /* Inter-Medium.ttf */ = {isa = PBXFileReference; lastKnownFileType = file; path = "Inter-Medium.ttf"; sourceTree = "<group>"; };
		D491A68025BF57AD00A0779F /* Inter-Light.ttf */ = {isa = PBXFileReference; lastKnownFileType = file; path = "Inter-Light.ttf"; sourceTree = "<group>"; };
		D491A68125BF57AD00A0779F /* Inter-Thin.ttf */ = {isa = PBXFileReference; lastKnownFileType = file; path = "Inter-Thin.ttf"; sourceTree = "<group>"; };
		D491A68225BF57AD00A0779F /* Inter-Bold.ttf */ = {isa = PBXFileReference; lastKnownFileType = file; path = "Inter-Bold.ttf"; sourceTree = "<group>"; };
		D491A68325BF57AD00A0779F /* Inter-Regular.ttf */ = {isa = PBXFileReference; lastKnownFileType = file; path = "Inter-Regular.ttf"; sourceTree = "<group>"; };
		D491A68425BF57AD00A0779F /* Inter-ExtraBold.ttf */ = {isa = PBXFileReference; lastKnownFileType = file; path = "Inter-ExtraBold.ttf"; sourceTree = "<group>"; };
		D491A68525BF57AD00A0779F /* Inter-ExtraLight.ttf */ = {isa = PBXFileReference; lastKnownFileType = file; path = "Inter-ExtraLight.ttf"; sourceTree = "<group>"; };
		D491A68625BF57AD00A0779F /* Inter-Black.ttf */ = {isa = PBXFileReference; lastKnownFileType = file; path = "Inter-Black.ttf"; sourceTree = "<group>"; };
		D491A68725BF57AD00A0779F /* Inter-SemiBold.ttf */ = {isa = PBXFileReference; lastKnownFileType = file; path = "Inter-SemiBold.ttf"; sourceTree = "<group>"; };
		D491A68825BF57AD00A0779F /* OFL.txt */ = {isa = PBXFileReference; fileEncoding = 4; lastKnownFileType = text; path = OFL.txt; sourceTree = "<group>"; };
		D491A68925BF57AD00A0779F /* README.txt */ = {isa = PBXFileReference; fileEncoding = 4; lastKnownFileType = text; path = README.txt; sourceTree = "<group>"; };
		D491A69F25BF5A5C00A0779F /* CLPrimaryButton.swift */ = {isa = PBXFileReference; lastKnownFileType = sourcecode.swift; path = CLPrimaryButton.swift; sourceTree = "<group>"; };
		D491A6A425BF5B1100A0779F /* CLSecondaryButton.swift */ = {isa = PBXFileReference; lastKnownFileType = sourcecode.swift; path = CLSecondaryButton.swift; sourceTree = "<group>"; };
		D491A6AA25BF606300A0779F /* CLTitleTextView.swift */ = {isa = PBXFileReference; lastKnownFileType = sourcecode.swift; path = CLTitleTextView.swift; sourceTree = "<group>"; };
		D491A6B225BF60B200A0779F /* CLSubTitleTextView.swift */ = {isa = PBXFileReference; lastKnownFileType = sourcecode.swift; path = CLSubTitleTextView.swift; sourceTree = "<group>"; };
		D491A6B725BF60D800A0779F /* CLHeaderTextView.swift */ = {isa = PBXFileReference; lastKnownFileType = sourcecode.swift; path = CLHeaderTextView.swift; sourceTree = "<group>"; };
		D491A6BC25BF60F600A0779F /* CLSubHeaderTextView.swift */ = {isa = PBXFileReference; lastKnownFileType = sourcecode.swift; path = CLSubHeaderTextView.swift; sourceTree = "<group>"; };
		D491A6C125BF611A00A0779F /* CLBodyTextView.swift */ = {isa = PBXFileReference; lastKnownFileType = sourcecode.swift; path = CLBodyTextView.swift; sourceTree = "<group>"; };
		D491A6C625BF613500A0779F /* CLCaptionTextView.swift */ = {isa = PBXFileReference; lastKnownFileType = sourcecode.swift; path = CLCaptionTextView.swift; sourceTree = "<group>"; };
		D491A6DC25BF62DE00A0779F /* GiphyView.swift */ = {isa = PBXFileReference; lastKnownFileType = sourcecode.swift; path = GiphyView.swift; sourceTree = "<group>"; };
		D491A6E625BF631900A0779F /* GiphyRowView.swift */ = {isa = PBXFileReference; lastKnownFileType = sourcecode.swift; path = GiphyRowView.swift; sourceTree = "<group>"; };
		D491A6EB25BF635200A0779F /* Gif.swift */ = {isa = PBXFileReference; lastKnownFileType = sourcecode.swift; path = Gif.swift; sourceTree = "<group>"; };
		D491A6F125BF64D300A0779F /* GiphyRowViewModel.swift */ = {isa = PBXFileReference; lastKnownFileType = sourcecode.swift; path = GiphyRowViewModel.swift; sourceTree = "<group>"; };
		D491A6FD25BF652F00A0779F /* UrlSessionService.swift */ = {isa = PBXFileReference; fileEncoding = 4; lastKnownFileType = sourcecode.swift; path = UrlSessionService.swift; sourceTree = "<group>"; };
		D491A70D25BF6A4500A0779F /* GiphyViewModel.swift */ = {isa = PBXFileReference; lastKnownFileType = sourcecode.swift; path = GiphyViewModel.swift; sourceTree = "<group>"; };
		D491A71525BF6B5B00A0779F /* GiphyServiceProtocol.swift */ = {isa = PBXFileReference; fileEncoding = 4; lastKnownFileType = sourcecode.swift; path = GiphyServiceProtocol.swift; sourceTree = "<group>"; };
		D491A71625BF6B5B00A0779F /* GiphyService.swift */ = {isa = PBXFileReference; fileEncoding = 4; lastKnownFileType = sourcecode.swift; path = GiphyService.swift; sourceTree = "<group>"; };
		D491A71E25BF6B7C00A0779F /* GifTrendModel.swift */ = {isa = PBXFileReference; fileEncoding = 4; lastKnownFileType = sourcecode.swift; path = GifTrendModel.swift; sourceTree = "<group>"; };
		D491A72025BF6B7C00A0779F /* GifSearchModel.swift */ = {isa = PBXFileReference; fileEncoding = 4; lastKnownFileType = sourcecode.swift; path = GifSearchModel.swift; sourceTree = "<group>"; };
		D491A72225BF6B7C00A0779F /* GifSupportModels.swift */ = {isa = PBXFileReference; fileEncoding = 4; lastKnownFileType = sourcecode.swift; path = GifSupportModels.swift; sourceTree = "<group>"; };
		D491A72925BF6B9800A0779F /* Result.swift */ = {isa = PBXFileReference; fileEncoding = 4; lastKnownFileType = sourcecode.swift; path = Result.swift; sourceTree = "<group>"; };
		D491A72A25BF6B9800A0779F /* APIResponse.swift */ = {isa = PBXFileReference; fileEncoding = 4; lastKnownFileType = sourcecode.swift; path = APIResponse.swift; sourceTree = "<group>"; };
		D491A73125BF6BAD00A0779F /* Constants.swift */ = {isa = PBXFileReference; lastKnownFileType = sourcecode.swift; path = Constants.swift; sourceTree = "<group>"; };
		D491A74025BF91DB00A0779F /* VirtualCVView.swift */ = {isa = PBXFileReference; lastKnownFileType = sourcecode.swift; path = VirtualCVView.swift; sourceTree = "<group>"; };
		D491A74825BF91E400A0779F /* VirtualCVViewModel.swift */ = {isa = PBXFileReference; lastKnownFileType = sourcecode.swift; path = VirtualCVViewModel.swift; sourceTree = "<group>"; };
		D491A75125BF920800A0779F /* SkillItemView.swift */ = {isa = PBXFileReference; lastKnownFileType = sourcecode.swift; path = SkillItemView.swift; sourceTree = "<group>"; };
		D491A75F25BF923900A0779F /* GalleryItemView.swift */ = {isa = PBXFileReference; lastKnownFileType = sourcecode.swift; path = GalleryItemView.swift; sourceTree = "<group>"; };
		D491A76725BF924100A0779F /* GalleryItemViewModel.swift */ = {isa = PBXFileReference; lastKnownFileType = sourcecode.swift; path = GalleryItemViewModel.swift; sourceTree = "<group>"; };
		D491A76E25BF92B900A0779F /* CandidateSkill.swift */ = {isa = PBXFileReference; fileEncoding = 4; lastKnownFileType = sourcecode.swift; path = CandidateSkill.swift; sourceTree = "<group>"; };
		D491A77025BF92BA00A0779F /* Candidate.swift */ = {isa = PBXFileReference; fileEncoding = 4; lastKnownFileType = sourcecode.swift; path = Candidate.swift; sourceTree = "<group>"; };
		D491A77225BF92BA00A0779F /* CandidateGallery.swift */ = {isa = PBXFileReference; fileEncoding = 4; lastKnownFileType = sourcecode.swift; path = CandidateGallery.swift; sourceTree = "<group>"; };
		D491A77325BF92BA00A0779F /* GalleryShowcase.swift */ = {isa = PBXFileReference; fileEncoding = 4; lastKnownFileType = sourcecode.swift; path = GalleryShowcase.swift; sourceTree = "<group>"; };
/* End PBXFileReference section */

/* Begin PBXFrameworksBuildPhase section */
		D491A63025BF543B00A0779F /* Frameworks */ = {
			isa = PBXFrameworksBuildPhase;
			buildActionMask = 2147483647;
			files = (
				D47D359625C08957009C9D26 /* SDWebImageSwiftUI in Frameworks */,
			);
			runOnlyForDeploymentPostprocessing = 0;
		};
		D491A64125BF543F00A0779F /* Frameworks */ = {
			isa = PBXFrameworksBuildPhase;
			buildActionMask = 2147483647;
			files = (
			);
			runOnlyForDeploymentPostprocessing = 0;
		};
		D491A64C25BF543F00A0779F /* Frameworks */ = {
			isa = PBXFrameworksBuildPhase;
			buildActionMask = 2147483647;
			files = (
			);
			runOnlyForDeploymentPostprocessing = 0;
		};
/* End PBXFrameworksBuildPhase section */

/* Begin PBXGroup section */
		D47D357125C05617009C9D26 /* ContactCandidateService */ = {
			isa = PBXGroup;
			children = (
				D47D357225C05617009C9D26 /* ContactCandidateService.swift */,
				D47D357325C05617009C9D26 /* ContactCandidateServiceProtocol.swift */,
			);
			path = ContactCandidateService;
			sourceTree = "<group>";
		};
		D47D357C25C06055009C9D26 /* NavigationBar */ = {
			isa = PBXGroup;
			children = (
				D47D357D25C06069009C9D26 /* NavigationBarConfigurator.swift */,
			);
			path = NavigationBar;
			sourceTree = "<group>";
		};
		D491A62A25BF543B00A0779F = {
			isa = PBXGroup;
			children = (
				D491A63525BF543C00A0779F /* Codelathe-Test-SwiftUI */,
				D491A64725BF543F00A0779F /* Codelathe-Test-SwiftUITests */,
				D491A65225BF543F00A0779F /* Codelathe-Test-SwiftUIUITests */,
				D491A63425BF543C00A0779F /* Products */,
			);
			sourceTree = "<group>";
		};
		D491A63425BF543C00A0779F /* Products */ = {
			isa = PBXGroup;
			children = (
				D491A63325BF543C00A0779F /* Codelathe-Test-SwiftUI.app */,
				D491A64425BF543F00A0779F /* Codelathe-Test-SwiftUITests.xctest */,
				D491A64F25BF543F00A0779F /* Codelathe-Test-SwiftUIUITests.xctest */,
			);
			name = Products;
			sourceTree = "<group>";
		};
		D491A63525BF543C00A0779F /* Codelathe-Test-SwiftUI */ = {
			isa = PBXGroup;
			children = (
				D491A6DA25BF62C900A0779F /* Views */,
				D491A6D725BF629B00A0779F /* Services */,
				D491A69C25BF5A2800A0779F /* Reusables */,
				D491A66E25BF561600A0779F /* Extensions */,
				D491A66725BF55D200A0779F /* Content */,
				D491A63625BF543C00A0779F /* Codelathe_Test_SwiftUIApp.swift */,
				D491A63825BF543C00A0779F /* ContentView.swift */,
				D491A63F25BF543F00A0779F /* Info.plist */,
				D491A63C25BF543F00A0779F /* Preview Content */,
			);
			path = "Codelathe-Test-SwiftUI";
			sourceTree = "<group>";
		};
		D491A63C25BF543F00A0779F /* Preview Content */ = {
			isa = PBXGroup;
			children = (
				D491A63D25BF543F00A0779F /* Preview Assets.xcassets */,
			);
			path = "Preview Content";
			sourceTree = "<group>";
		};
		D491A64725BF543F00A0779F /* Codelathe-Test-SwiftUITests */ = {
			isa = PBXGroup;
			children = (
				D491A64825BF543F00A0779F /* Codelathe_Test_SwiftUITests.swift */,
				D491A64A25BF543F00A0779F /* Info.plist */,
			);
			path = "Codelathe-Test-SwiftUITests";
			sourceTree = "<group>";
		};
		D491A65225BF543F00A0779F /* Codelathe-Test-SwiftUIUITests */ = {
			isa = PBXGroup;
			children = (
				D491A65325BF543F00A0779F /* Codelathe_Test_SwiftUIUITests.swift */,
				D491A65525BF543F00A0779F /* Info.plist */,
			);
			path = "Codelathe-Test-SwiftUIUITests";
			sourceTree = "<group>";
		};
		D491A66725BF55D200A0779F /* Content */ = {
			isa = PBXGroup;
			children = (
				D491A66825BF55DF00A0779F /* Colours */,
				D491A67625BF572300A0779F /* Fonts */,
				D491A67525BF567100A0779F /* Images */,
			);
			path = Content;
			sourceTree = "<group>";
		};
		D491A66825BF55DF00A0779F /* Colours */ = {
			isa = PBXGroup;
			children = (
				D491A66925BF55F400A0779F /* AppColours.xcassets */,
			);
			path = Colours;
			sourceTree = "<group>";
		};
		D491A66E25BF561600A0779F /* Extensions */ = {
			isa = PBXGroup;
			children = (
				D491A66F25BF562300A0779F /* Color */,
			);
			path = Extensions;
			sourceTree = "<group>";
		};
		D491A66F25BF562300A0779F /* Color */ = {
			isa = PBXGroup;
			children = (
				D491A67025BF562F00A0779F /* AppColours.swift */,
			);
			path = Color;
			sourceTree = "<group>";
		};
		D491A67525BF567100A0779F /* Images */ = {
			isa = PBXGroup;
			children = (
				D491A63A25BF543F00A0779F /* Assets.xcassets */,
				D47D355D25BF9F29009C9D26 /* Icons.xcassets */,
			);
			path = Images;
			sourceTree = "<group>";
		};
		D491A67625BF572300A0779F /* Fonts */ = {
			isa = PBXGroup;
			children = (
				D491A67725BF575E00A0779F /* Fonts.swift */,
				D491A67C25BF57AD00A0779F /* Inter */,
			);
			path = Fonts;
			sourceTree = "<group>";
		};
		D491A67C25BF57AD00A0779F /* Inter */ = {
			isa = PBXGroup;
			children = (
				D491A67D25BF57AD00A0779F /* Inter-VariableFont_slnt,wght.ttf */,
				D491A67E25BF57AD00A0779F /* static */,
				D491A68825BF57AD00A0779F /* OFL.txt */,
				D491A68925BF57AD00A0779F /* README.txt */,
			);
			path = Inter;
			sourceTree = "<group>";
		};
		D491A67E25BF57AD00A0779F /* static */ = {
			isa = PBXGroup;
			children = (
				D491A67F25BF57AD00A0779F /* Inter-Medium.ttf */,
				D491A68025BF57AD00A0779F /* Inter-Light.ttf */,
				D491A68125BF57AD00A0779F /* Inter-Thin.ttf */,
				D491A68225BF57AD00A0779F /* Inter-Bold.ttf */,
				D491A68325BF57AD00A0779F /* Inter-Regular.ttf */,
				D491A68425BF57AD00A0779F /* Inter-ExtraBold.ttf */,
				D491A68525BF57AD00A0779F /* Inter-ExtraLight.ttf */,
				D491A68625BF57AD00A0779F /* Inter-Black.ttf */,
				D491A68725BF57AD00A0779F /* Inter-SemiBold.ttf */,
			);
			path = static;
			sourceTree = "<group>";
		};
		D491A69C25BF5A2800A0779F /* Reusables */ = {
			isa = PBXGroup;
			children = (
				D491A73025BF6BA300A0779F /* Constants */,
				D491A69D25BF5A4600A0779F /* Views */,
			);
			path = Reusables;
			sourceTree = "<group>";
		};
		D491A69D25BF5A4600A0779F /* Views */ = {
			isa = PBXGroup;
			children = (
				D47D357C25C06055009C9D26 /* NavigationBar */,
				D491A6A925BF605400A0779F /* TextViews */,
				D491A69E25BF5A4E00A0779F /* Buttons */,
			);
			path = Views;
			sourceTree = "<group>";
		};
		D491A69E25BF5A4E00A0779F /* Buttons */ = {
			isa = PBXGroup;
			children = (
				D491A69F25BF5A5C00A0779F /* CLPrimaryButton.swift */,
				D491A6A425BF5B1100A0779F /* CLSecondaryButton.swift */,
			);
			path = Buttons;
			sourceTree = "<group>";
		};
		D491A6A925BF605400A0779F /* TextViews */ = {
			isa = PBXGroup;
			children = (
				D491A6AA25BF606300A0779F /* CLTitleTextView.swift */,
				D491A6B225BF60B200A0779F /* CLSubTitleTextView.swift */,
				D491A6B725BF60D800A0779F /* CLHeaderTextView.swift */,
				D491A6BC25BF60F600A0779F /* CLSubHeaderTextView.swift */,
				D491A6C125BF611A00A0779F /* CLBodyTextView.swift */,
				D491A6C625BF613500A0779F /* CLCaptionTextView.swift */,
			);
			path = TextViews;
			sourceTree = "<group>";
		};
		D491A6D725BF629B00A0779F /* Services */ = {
			isa = PBXGroup;
			children = (
				D47D357125C05617009C9D26 /* ContactCandidateService */,
				D491A6FC25BF651D00A0779F /* UrlSessionService */,
				D491A6D925BF62BB00A0779F /* API */,
				D491A6D825BF62A900A0779F /* GiphyService */,
			);
			path = Services;
			sourceTree = "<group>";
		};
		D491A6D825BF62A900A0779F /* GiphyService */ = {
			isa = PBXGroup;
			children = (
				D491A71C25BF6B6D00A0779F /* Models */,
				D491A71625BF6B5B00A0779F /* GiphyService.swift */,
				D491A71525BF6B5B00A0779F /* GiphyServiceProtocol.swift */,
			);
			path = GiphyService;
			sourceTree = "<group>";
		};
		D491A6D925BF62BB00A0779F /* API */ = {
			isa = PBXGroup;
			children = (
				D491A72A25BF6B9800A0779F /* APIResponse.swift */,
				D491A72925BF6B9800A0779F /* Result.swift */,
			);
			path = API;
			sourceTree = "<group>";
		};
		D491A6DA25BF62C900A0779F /* Views */ = {
			isa = PBXGroup;
			children = (
				D491A73E25BF91B800A0779F /* VirtualCV */,
				D491A6DB25BF62CF00A0779F /* GiphyView */,
			);
			path = Views;
			sourceTree = "<group>";
		};
		D491A6DB25BF62CF00A0779F /* GiphyView */ = {
			isa = PBXGroup;
			children = (
				D491A6F025BF64C500A0779F /* GiphyRow */,
				D491A6DC25BF62DE00A0779F /* GiphyView.swift */,
				D491A70D25BF6A4500A0779F /* GiphyViewModel.swift */,
			);
			path = GiphyView;
			sourceTree = "<group>";
		};
		D491A6F025BF64C500A0779F /* GiphyRow */ = {
			isa = PBXGroup;
			children = (
				D491A6EB25BF635200A0779F /* Gif.swift */,
				D491A6F125BF64D300A0779F /* GiphyRowViewModel.swift */,
				D491A6E625BF631900A0779F /* GiphyRowView.swift */,
			);
			path = GiphyRow;
			sourceTree = "<group>";
		};
		D491A6FC25BF651D00A0779F /* UrlSessionService */ = {
			isa = PBXGroup;
			children = (
				D491A6FD25BF652F00A0779F /* UrlSessionService.swift */,
			);
			path = UrlSessionService;
			sourceTree = "<group>";
		};
		D491A71C25BF6B6D00A0779F /* Models */ = {
			isa = PBXGroup;
			children = (
				D491A71F25BF6B7C00A0779F /* GifSearchModel */,
				D491A71D25BF6B7C00A0779F /* GifTrendModel */,
				D491A72125BF6B7C00A0779F /* SupportingModels */,
			);
			path = Models;
			sourceTree = "<group>";
		};
		D491A71D25BF6B7C00A0779F /* GifTrendModel */ = {
			isa = PBXGroup;
			children = (
				D491A71E25BF6B7C00A0779F /* GifTrendModel.swift */,
			);
			path = GifTrendModel;
			sourceTree = "<group>";
		};
		D491A71F25BF6B7C00A0779F /* GifSearchModel */ = {
			isa = PBXGroup;
			children = (
				D491A72025BF6B7C00A0779F /* GifSearchModel.swift */,
			);
			path = GifSearchModel;
			sourceTree = "<group>";
		};
		D491A72125BF6B7C00A0779F /* SupportingModels */ = {
			isa = PBXGroup;
			children = (
				D491A72225BF6B7C00A0779F /* GifSupportModels.swift */,
			);
			path = SupportingModels;
			sourceTree = "<group>";
		};
		D491A73025BF6BA300A0779F /* Constants */ = {
			isa = PBXGroup;
			children = (
				D491A73125BF6BAD00A0779F /* Constants.swift */,
			);
			path = Constants;
			sourceTree = "<group>";
		};
		D491A73E25BF91B800A0779F /* VirtualCV */ = {
			isa = PBXGroup;
			children = (
				D491A74025BF91DB00A0779F /* VirtualCVView.swift */,
				D491A74825BF91E400A0779F /* VirtualCVViewModel.swift */,
				D491A76C25BF929E00A0779F /* Models */,
				D491A77E25BF997700A0779F /* ListItems */,
				D491A73F25BF91C200A0779F /* ViewShowcase */,
			);
			path = VirtualCV;
			sourceTree = "<group>";
		};
		D491A73F25BF91C200A0779F /* ViewShowcase */ = {
			isa = PBXGroup;
			children = (
				D47D356725C03E36009C9D26 /* ShowcaseDetailView.swift */,
				D47D356C25C04472009C9D26 /* ShowcaseDetailViewModel.swift */,
			);
			path = ViewShowcase;
			sourceTree = "<group>";
		};
		D491A75025BF91EA00A0779F /* SkillItem */ = {
			isa = PBXGroup;
			children = (
				D491A75125BF920800A0779F /* SkillItemView.swift */,
				D47D356225C03750009C9D26 /* SkillsTagView.swift */,
			);
			path = SkillItem;
			sourceTree = "<group>";
		};
		D491A75E25BF922100A0779F /* GalleryItem */ = {
			isa = PBXGroup;
			children = (
				D491A75F25BF923900A0779F /* GalleryItemView.swift */,
				D491A76725BF924100A0779F /* GalleryItemViewModel.swift */,
			);
			path = GalleryItem;
			sourceTree = "<group>";
		};
		D491A76C25BF929E00A0779F /* Models */ = {
			isa = PBXGroup;
			children = (
				D491A76F25BF92BA00A0779F /* Candidate */,
				D491A77125BF92BA00A0779F /* Gallery */,
				D491A76D25BF92B900A0779F /* Skills */,
			);
			path = Models;
			sourceTree = "<group>";
		};
		D491A76D25BF92B900A0779F /* Skills */ = {
			isa = PBXGroup;
			children = (
				D491A76E25BF92B900A0779F /* CandidateSkill.swift */,
			);
			path = Skills;
			sourceTree = "<group>";
		};
		D491A76F25BF92BA00A0779F /* Candidate */ = {
			isa = PBXGroup;
			children = (
				D491A77025BF92BA00A0779F /* Candidate.swift */,
			);
			path = Candidate;
			sourceTree = "<group>";
		};
		D491A77125BF92BA00A0779F /* Gallery */ = {
			isa = PBXGroup;
			children = (
				D491A77225BF92BA00A0779F /* CandidateGallery.swift */,
				D491A77325BF92BA00A0779F /* GalleryShowcase.swift */,
			);
			path = Gallery;
			sourceTree = "<group>";
		};
		D491A77E25BF997700A0779F /* ListItems */ = {
			isa = PBXGroup;
			children = (
				D491A75E25BF922100A0779F /* GalleryItem */,
				D491A75025BF91EA00A0779F /* SkillItem */,
			);
			path = ListItems;
			sourceTree = "<group>";
		};
/* End PBXGroup section */

/* Begin PBXNativeTarget section */
		D491A63225BF543B00A0779F /* Codelathe-Test-SwiftUI */ = {
			isa = PBXNativeTarget;
			buildConfigurationList = D491A65825BF543F00A0779F /* Build configuration list for PBXNativeTarget "Codelathe-Test-SwiftUI" */;
			buildPhases = (
				D491A62F25BF543B00A0779F /* Sources */,
				D491A63025BF543B00A0779F /* Frameworks */,
				D491A63125BF543B00A0779F /* Resources */,
			);
			buildRules = (
			);
			dependencies = (
			);
			name = "Codelathe-Test-SwiftUI";
			packageProductDependencies = (
				D47D359525C08957009C9D26 /* SDWebImageSwiftUI */,
			);
			productName = "Codelathe-Test-SwiftUI";
			productReference = D491A63325BF543C00A0779F /* Codelathe-Test-SwiftUI.app */;
			productType = "com.apple.product-type.application";
		};
		D491A64325BF543F00A0779F /* Codelathe-Test-SwiftUITests */ = {
			isa = PBXNativeTarget;
			buildConfigurationList = D491A65B25BF543F00A0779F /* Build configuration list for PBXNativeTarget "Codelathe-Test-SwiftUITests" */;
			buildPhases = (
				D491A64025BF543F00A0779F /* Sources */,
				D491A64125BF543F00A0779F /* Frameworks */,
				D491A64225BF543F00A0779F /* Resources */,
			);
			buildRules = (
			);
			dependencies = (
				D491A64625BF543F00A0779F /* PBXTargetDependency */,
			);
			name = "Codelathe-Test-SwiftUITests";
			productName = "Codelathe-Test-SwiftUITests";
			productReference = D491A64425BF543F00A0779F /* Codelathe-Test-SwiftUITests.xctest */;
			productType = "com.apple.product-type.bundle.unit-test";
		};
		D491A64E25BF543F00A0779F /* Codelathe-Test-SwiftUIUITests */ = {
			isa = PBXNativeTarget;
			buildConfigurationList = D491A65E25BF543F00A0779F /* Build configuration list for PBXNativeTarget "Codelathe-Test-SwiftUIUITests" */;
			buildPhases = (
				D491A64B25BF543F00A0779F /* Sources */,
				D491A64C25BF543F00A0779F /* Frameworks */,
				D491A64D25BF543F00A0779F /* Resources */,
			);
			buildRules = (
			);
			dependencies = (
				D491A65125BF543F00A0779F /* PBXTargetDependency */,
			);
			name = "Codelathe-Test-SwiftUIUITests";
			productName = "Codelathe-Test-SwiftUIUITests";
			productReference = D491A64F25BF543F00A0779F /* Codelathe-Test-SwiftUIUITests.xctest */;
			productType = "com.apple.product-type.bundle.ui-testing";
		};
/* End PBXNativeTarget section */

/* Begin PBXProject section */
		D491A62B25BF543B00A0779F /* Project object */ = {
			isa = PBXProject;
			attributes = {
				LastSwiftUpdateCheck = 1220;
				LastUpgradeCheck = 1220;
				TargetAttributes = {
					D491A63225BF543B00A0779F = {
						CreatedOnToolsVersion = 12.2;
					};
					D491A64325BF543F00A0779F = {
						CreatedOnToolsVersion = 12.2;
						TestTargetID = D491A63225BF543B00A0779F;
					};
					D491A64E25BF543F00A0779F = {
						CreatedOnToolsVersion = 12.2;
						TestTargetID = D491A63225BF543B00A0779F;
					};
				};
			};
			buildConfigurationList = D491A62E25BF543B00A0779F /* Build configuration list for PBXProject "Codelathe-Test-SwiftUI" */;
			compatibilityVersion = "Xcode 9.3";
			developmentRegion = en;
			hasScannedForEncodings = 0;
			knownRegions = (
				en,
				Base,
			);
			mainGroup = D491A62A25BF543B00A0779F;
			packageReferences = (
				D47D359425C08956009C9D26 /* XCRemoteSwiftPackageReference "SDWebImageSwiftUI" */,
			);
			productRefGroup = D491A63425BF543C00A0779F /* Products */;
			projectDirPath = "";
			projectRoot = "";
			targets = (
				D491A63225BF543B00A0779F /* Codelathe-Test-SwiftUI */,
				D491A64325BF543F00A0779F /* Codelathe-Test-SwiftUITests */,
				D491A64E25BF543F00A0779F /* Codelathe-Test-SwiftUIUITests */,
			);
		};
/* End PBXProject section */

/* Begin PBXResourcesBuildPhase section */
		D491A63125BF543B00A0779F /* Resources */ = {
			isa = PBXResourcesBuildPhase;
			buildActionMask = 2147483647;
			files = (
				D491A69425BF57AD00A0779F /* OFL.txt in Resources */,
				D491A68A25BF57AD00A0779F /* Inter-VariableFont_slnt,wght.ttf in Resources */,
				D491A68F25BF57AD00A0779F /* Inter-Regular.ttf in Resources */,
				D491A66A25BF55F400A0779F /* AppColours.xcassets in Resources */,
				D491A69525BF57AD00A0779F /* README.txt in Resources */,
				D491A68E25BF57AD00A0779F /* Inter-Bold.ttf in Resources */,
				D47D355E25BF9F29009C9D26 /* Icons.xcassets in Resources */,
				D491A69325BF57AD00A0779F /* Inter-SemiBold.ttf in Resources */,
				D491A63E25BF543F00A0779F /* Preview Assets.xcassets in Resources */,
				D491A69025BF57AD00A0779F /* Inter-ExtraBold.ttf in Resources */,
				D491A68B25BF57AD00A0779F /* Inter-Medium.ttf in Resources */,
				D491A69225BF57AD00A0779F /* Inter-Black.ttf in Resources */,
				D491A68C25BF57AD00A0779F /* Inter-Light.ttf in Resources */,
				D491A69125BF57AD00A0779F /* Inter-ExtraLight.ttf in Resources */,
				D491A63B25BF543F00A0779F /* Assets.xcassets in Resources */,
				D491A68D25BF57AD00A0779F /* Inter-Thin.ttf in Resources */,
			);
			runOnlyForDeploymentPostprocessing = 0;
		};
		D491A64225BF543F00A0779F /* Resources */ = {
			isa = PBXResourcesBuildPhase;
			buildActionMask = 2147483647;
			files = (
			);
			runOnlyForDeploymentPostprocessing = 0;
		};
		D491A64D25BF543F00A0779F /* Resources */ = {
			isa = PBXResourcesBuildPhase;
			buildActionMask = 2147483647;
			files = (
			);
			runOnlyForDeploymentPostprocessing = 0;
		};
/* End PBXResourcesBuildPhase section */

/* Begin PBXSourcesBuildPhase section */
		D491A62F25BF543B00A0779F /* Sources */ = {
			isa = PBXSourcesBuildPhase;
			buildActionMask = 2147483647;
			files = (
				D491A67825BF575E00A0779F /* Fonts.swift in Sources */,
				D491A72525BF6B7C00A0779F /* GifSupportModels.swift in Sources */,
				D491A6AB25BF606300A0779F /* CLTitleTextView.swift in Sources */,
				D491A75225BF920800A0779F /* SkillItemView.swift in Sources */,
				D491A63925BF543C00A0779F /* ContentView.swift in Sources */,
				D491A72325BF6B7C00A0779F /* GifTrendModel.swift in Sources */,
				D491A6F225BF64D300A0779F /* GiphyRowViewModel.swift in Sources */,
				D491A72B25BF6B9800A0779F /* Result.swift in Sources */,
				D47D356325C03750009C9D26 /* SkillsTagView.swift in Sources */,
				D491A74925BF91E400A0779F /* VirtualCVViewModel.swift in Sources */,
				D491A76825BF924100A0779F /* GalleryItemViewModel.swift in Sources */,
				D47D357E25C06069009C9D26 /* NavigationBarConfigurator.swift in Sources */,
				D491A73225BF6BAD00A0779F /* Constants.swift in Sources */,
				D491A76025BF923900A0779F /* GalleryItemView.swift in Sources */,
				D491A6A025BF5A5C00A0779F /* CLPrimaryButton.swift in Sources */,
				D491A74125BF91DB00A0779F /* VirtualCVView.swift in Sources */,
				D491A6B825BF60D800A0779F /* CLHeaderTextView.swift in Sources */,
				D491A6A525BF5B1100A0779F /* CLSecondaryButton.swift in Sources */,
				D491A72425BF6B7C00A0779F /* GifSearchModel.swift in Sources */,
				D491A70E25BF6A4500A0779F /* GiphyViewModel.swift in Sources */,
				D491A77525BF92BA00A0779F /* Candidate.swift in Sources */,
				D491A6DD25BF62DE00A0779F /* GiphyView.swift in Sources */,
				D491A6B325BF60B200A0779F /* CLSubTitleTextView.swift in Sources */,
				D491A6BD25BF60F600A0779F /* CLSubHeaderTextView.swift in Sources */,
				D491A71725BF6B5B00A0779F /* GiphyServiceProtocol.swift in Sources */,
				D491A77425BF92BA00A0779F /* CandidateSkill.swift in Sources */,
				D491A6EC25BF635200A0779F /* Gif.swift in Sources */,
				D47D357425C05618009C9D26 /* ContactCandidateService.swift in Sources */,
				D47D356D25C04472009C9D26 /* ShowcaseDetailViewModel.swift in Sources */,
				D491A63725BF543C00A0779F /* Codelathe_Test_SwiftUIApp.swift in Sources */,
				D491A6E725BF631900A0779F /* GiphyRowView.swift in Sources */,
				D491A6FF25BF652F00A0779F /* UrlSessionService.swift in Sources */,
				D491A6C225BF611A00A0779F /* CLBodyTextView.swift in Sources */,
				D47D357525C05618009C9D26 /* ContactCandidateServiceProtocol.swift in Sources */,
				D491A6C725BF613500A0779F /* CLCaptionTextView.swift in Sources */,
				D491A67125BF562F00A0779F /* AppColours.swift in Sources */,
				D491A77725BF92BA00A0779F /* GalleryShowcase.swift in Sources */,
				D47D356825C03E36009C9D26 /* ShowcaseDetailView.swift in Sources */,
				D491A72C25BF6B9800A0779F /* APIResponse.swift in Sources */,
				D491A77625BF92BA00A0779F /* CandidateGallery.swift in Sources */,
				D491A71825BF6B5B00A0779F /* GiphyService.swift in Sources */,
			);
			runOnlyForDeploymentPostprocessing = 0;
		};
		D491A64025BF543F00A0779F /* Sources */ = {
			isa = PBXSourcesBuildPhase;
			buildActionMask = 2147483647;
			files = (
				D491A64925BF543F00A0779F /* Codelathe_Test_SwiftUITests.swift in Sources */,
			);
			runOnlyForDeploymentPostprocessing = 0;
		};
		D491A64B25BF543F00A0779F /* Sources */ = {
			isa = PBXSourcesBuildPhase;
			buildActionMask = 2147483647;
			files = (
				D491A65425BF543F00A0779F /* Codelathe_Test_SwiftUIUITests.swift in Sources */,
			);
			runOnlyForDeploymentPostprocessing = 0;
		};
/* End PBXSourcesBuildPhase section */

/* Begin PBXTargetDependency section */
		D491A64625BF543F00A0779F /* PBXTargetDependency */ = {
			isa = PBXTargetDependency;
			target = D491A63225BF543B00A0779F /* Codelathe-Test-SwiftUI */;
			targetProxy = D491A64525BF543F00A0779F /* PBXContainerItemProxy */;
		};
		D491A65125BF543F00A0779F /* PBXTargetDependency */ = {
			isa = PBXTargetDependency;
			target = D491A63225BF543B00A0779F /* Codelathe-Test-SwiftUI */;
			targetProxy = D491A65025BF543F00A0779F /* PBXContainerItemProxy */;
		};
/* End PBXTargetDependency section */

/* Begin XCBuildConfiguration section */
		D491A65625BF543F00A0779F /* Debug */ = {
			isa = XCBuildConfiguration;
			buildSettings = {
				ALWAYS_SEARCH_USER_PATHS = NO;
				CLANG_ANALYZER_NONNULL = YES;
				CLANG_ANALYZER_NUMBER_OBJECT_CONVERSION = YES_AGGRESSIVE;
				CLANG_CXX_LANGUAGE_STANDARD = "gnu++14";
				CLANG_CXX_LIBRARY = "libc++";
				CLANG_ENABLE_MODULES = YES;
				CLANG_ENABLE_OBJC_ARC = YES;
				CLANG_ENABLE_OBJC_WEAK = YES;
				CLANG_WARN_BLOCK_CAPTURE_AUTORELEASING = YES;
				CLANG_WARN_BOOL_CONVERSION = YES;
				CLANG_WARN_COMMA = YES;
				CLANG_WARN_CONSTANT_CONVERSION = YES;
				CLANG_WARN_DEPRECATED_OBJC_IMPLEMENTATIONS = YES;
				CLANG_WARN_DIRECT_OBJC_ISA_USAGE = YES_ERROR;
				CLANG_WARN_DOCUMENTATION_COMMENTS = YES;
				CLANG_WARN_EMPTY_BODY = YES;
				CLANG_WARN_ENUM_CONVERSION = YES;
				CLANG_WARN_INFINITE_RECURSION = YES;
				CLANG_WARN_INT_CONVERSION = YES;
				CLANG_WARN_NON_LITERAL_NULL_CONVERSION = YES;
				CLANG_WARN_OBJC_IMPLICIT_RETAIN_SELF = YES;
				CLANG_WARN_OBJC_LITERAL_CONVERSION = YES;
				CLANG_WARN_OBJC_ROOT_CLASS = YES_ERROR;
				CLANG_WARN_QUOTED_INCLUDE_IN_FRAMEWORK_HEADER = YES;
				CLANG_WARN_RANGE_LOOP_ANALYSIS = YES;
				CLANG_WARN_STRICT_PROTOTYPES = YES;
				CLANG_WARN_SUSPICIOUS_MOVE = YES;
				CLANG_WARN_UNGUARDED_AVAILABILITY = YES_AGGRESSIVE;
				CLANG_WARN_UNREACHABLE_CODE = YES;
				CLANG_WARN__DUPLICATE_METHOD_MATCH = YES;
				COPY_PHASE_STRIP = NO;
				DEBUG_INFORMATION_FORMAT = dwarf;
				ENABLE_STRICT_OBJC_MSGSEND = YES;
				ENABLE_TESTABILITY = YES;
				GCC_C_LANGUAGE_STANDARD = gnu11;
				GCC_DYNAMIC_NO_PIC = NO;
				GCC_NO_COMMON_BLOCKS = YES;
				GCC_OPTIMIZATION_LEVEL = 0;
				GCC_PREPROCESSOR_DEFINITIONS = (
					"DEBUG=1",
					"$(inherited)",
				);
				GCC_WARN_64_TO_32_BIT_CONVERSION = YES;
				GCC_WARN_ABOUT_RETURN_TYPE = YES_ERROR;
				GCC_WARN_UNDECLARED_SELECTOR = YES;
				GCC_WARN_UNINITIALIZED_AUTOS = YES_AGGRESSIVE;
				GCC_WARN_UNUSED_FUNCTION = YES;
				GCC_WARN_UNUSED_VARIABLE = YES;
				IPHONEOS_DEPLOYMENT_TARGET = 14.2;
				MTL_ENABLE_DEBUG_INFO = INCLUDE_SOURCE;
				MTL_FAST_MATH = YES;
				ONLY_ACTIVE_ARCH = YES;
				SDKROOT = iphoneos;
				SWIFT_ACTIVE_COMPILATION_CONDITIONS = DEBUG;
				SWIFT_OPTIMIZATION_LEVEL = "-Onone";
			};
			name = Debug;
		};
		D491A65725BF543F00A0779F /* Release */ = {
			isa = XCBuildConfiguration;
			buildSettings = {
				ALWAYS_SEARCH_USER_PATHS = NO;
				CLANG_ANALYZER_NONNULL = YES;
				CLANG_ANALYZER_NUMBER_OBJECT_CONVERSION = YES_AGGRESSIVE;
				CLANG_CXX_LANGUAGE_STANDARD = "gnu++14";
				CLANG_CXX_LIBRARY = "libc++";
				CLANG_ENABLE_MODULES = YES;
				CLANG_ENABLE_OBJC_ARC = YES;
				CLANG_ENABLE_OBJC_WEAK = YES;
				CLANG_WARN_BLOCK_CAPTURE_AUTORELEASING = YES;
				CLANG_WARN_BOOL_CONVERSION = YES;
				CLANG_WARN_COMMA = YES;
				CLANG_WARN_CONSTANT_CONVERSION = YES;
				CLANG_WARN_DEPRECATED_OBJC_IMPLEMENTATIONS = YES;
				CLANG_WARN_DIRECT_OBJC_ISA_USAGE = YES_ERROR;
				CLANG_WARN_DOCUMENTATION_COMMENTS = YES;
				CLANG_WARN_EMPTY_BODY = YES;
				CLANG_WARN_ENUM_CONVERSION = YES;
				CLANG_WARN_INFINITE_RECURSION = YES;
				CLANG_WARN_INT_CONVERSION = YES;
				CLANG_WARN_NON_LITERAL_NULL_CONVERSION = YES;
				CLANG_WARN_OBJC_IMPLICIT_RETAIN_SELF = YES;
				CLANG_WARN_OBJC_LITERAL_CONVERSION = YES;
				CLANG_WARN_OBJC_ROOT_CLASS = YES_ERROR;
				CLANG_WARN_QUOTED_INCLUDE_IN_FRAMEWORK_HEADER = YES;
				CLANG_WARN_RANGE_LOOP_ANALYSIS = YES;
				CLANG_WARN_STRICT_PROTOTYPES = YES;
				CLANG_WARN_SUSPICIOUS_MOVE = YES;
				CLANG_WARN_UNGUARDED_AVAILABILITY = YES_AGGRESSIVE;
				CLANG_WARN_UNREACHABLE_CODE = YES;
				CLANG_WARN__DUPLICATE_METHOD_MATCH = YES;
				COPY_PHASE_STRIP = NO;
				DEBUG_INFORMATION_FORMAT = "dwarf-with-dsym";
				ENABLE_NS_ASSERTIONS = NO;
				ENABLE_STRICT_OBJC_MSGSEND = YES;
				GCC_C_LANGUAGE_STANDARD = gnu11;
				GCC_NO_COMMON_BLOCKS = YES;
				GCC_WARN_64_TO_32_BIT_CONVERSION = YES;
				GCC_WARN_ABOUT_RETURN_TYPE = YES_ERROR;
				GCC_WARN_UNDECLARED_SELECTOR = YES;
				GCC_WARN_UNINITIALIZED_AUTOS = YES_AGGRESSIVE;
				GCC_WARN_UNUSED_FUNCTION = YES;
				GCC_WARN_UNUSED_VARIABLE = YES;
				IPHONEOS_DEPLOYMENT_TARGET = 14.2;
				MTL_ENABLE_DEBUG_INFO = NO;
				MTL_FAST_MATH = YES;
				SDKROOT = iphoneos;
				SWIFT_COMPILATION_MODE = wholemodule;
				SWIFT_OPTIMIZATION_LEVEL = "-O";
				VALIDATE_PRODUCT = YES;
			};
			name = Release;
		};
		D491A65925BF543F00A0779F /* Debug */ = {
			isa = XCBuildConfiguration;
			buildSettings = {
				ASSETCATALOG_COMPILER_APPICON_NAME = AppIcon;
				ASSETCATALOG_COMPILER_GLOBAL_ACCENT_COLOR_NAME = AccentColor;
				CODE_SIGN_STYLE = Automatic;
				DEVELOPMENT_ASSET_PATHS = "\"Codelathe-Test-SwiftUI/Preview Content\"";
				DEVELOPMENT_TEAM = 5D6D89YR6P;
				ENABLE_PREVIEWS = YES;
				INFOPLIST_FILE = "Codelathe-Test-SwiftUI/Info.plist";
				IPHONEOS_DEPLOYMENT_TARGET = 14.0;
				LD_RUNPATH_SEARCH_PATHS = (
					"$(inherited)",
					"@executable_path/Frameworks",
				);
				PRODUCT_BUNDLE_IDENTIFIER = "Alex-Marchant.Codelathe-Test-SwiftUI";
				PRODUCT_NAME = "$(TARGET_NAME)";
				SWIFT_VERSION = 5.0;
				TARGETED_DEVICE_FAMILY = "1,2";
			};
			name = Debug;
		};
		D491A65A25BF543F00A0779F /* Release */ = {
			isa = XCBuildConfiguration;
			buildSettings = {
				ASSETCATALOG_COMPILER_APPICON_NAME = AppIcon;
				ASSETCATALOG_COMPILER_GLOBAL_ACCENT_COLOR_NAME = AccentColor;
				CODE_SIGN_STYLE = Automatic;
				DEVELOPMENT_ASSET_PATHS = "\"Codelathe-Test-SwiftUI/Preview Content\"";
				DEVELOPMENT_TEAM = 5D6D89YR6P;
				ENABLE_PREVIEWS = YES;
				INFOPLIST_FILE = "Codelathe-Test-SwiftUI/Info.plist";
				IPHONEOS_DEPLOYMENT_TARGET = 14.0;
				LD_RUNPATH_SEARCH_PATHS = (
					"$(inherited)",
					"@executable_path/Frameworks",
				);
				PRODUCT_BUNDLE_IDENTIFIER = "Alex-Marchant.Codelathe-Test-SwiftUI";
				PRODUCT_NAME = "$(TARGET_NAME)";
				SWIFT_VERSION = 5.0;
				TARGETED_DEVICE_FAMILY = "1,2";
			};
			name = Release;
		};
		D491A65C25BF543F00A0779F /* Debug */ = {
			isa = XCBuildConfiguration;
			buildSettings = {
				ALWAYS_EMBED_SWIFT_STANDARD_LIBRARIES = YES;
				BUNDLE_LOADER = "$(TEST_HOST)";
				CODE_SIGN_STYLE = Automatic;
				DEVELOPMENT_TEAM = 5D6D89YR6P;
				INFOPLIST_FILE = "Codelathe-Test-SwiftUITests/Info.plist";
				IPHONEOS_DEPLOYMENT_TARGET = 14.0;
				LD_RUNPATH_SEARCH_PATHS = (
					"$(inherited)",
					"@executable_path/Frameworks",
					"@loader_path/Frameworks",
				);
				PRODUCT_BUNDLE_IDENTIFIER = "Alex-Marchant.Codelathe-Test-SwiftUITests";
				PRODUCT_NAME = "$(TARGET_NAME)";
				SWIFT_VERSION = 5.0;
				TARGETED_DEVICE_FAMILY = "1,2";
				TEST_HOST = "$(BUILT_PRODUCTS_DIR)/Codelathe-Test-SwiftUI.app/Codelathe-Test-SwiftUI";
			};
			name = Debug;
		};
		D491A65D25BF543F00A0779F /* Release */ = {
			isa = XCBuildConfiguration;
			buildSettings = {
				ALWAYS_EMBED_SWIFT_STANDARD_LIBRARIES = YES;
				BUNDLE_LOADER = "$(TEST_HOST)";
				CODE_SIGN_STYLE = Automatic;
				DEVELOPMENT_TEAM = 5D6D89YR6P;
				INFOPLIST_FILE = "Codelathe-Test-SwiftUITests/Info.plist";
				IPHONEOS_DEPLOYMENT_TARGET = 14.0;
				LD_RUNPATH_SEARCH_PATHS = (
					"$(inherited)",
					"@executable_path/Frameworks",
					"@loader_path/Frameworks",
				);
				PRODUCT_BUNDLE_IDENTIFIER = "Alex-Marchant.Codelathe-Test-SwiftUITests";
				PRODUCT_NAME = "$(TARGET_NAME)";
				SWIFT_VERSION = 5.0;
				TARGETED_DEVICE_FAMILY = "1,2";
				TEST_HOST = "$(BUILT_PRODUCTS_DIR)/Codelathe-Test-SwiftUI.app/Codelathe-Test-SwiftUI";
			};
			name = Release;
		};
		D491A65F25BF543F00A0779F /* Debug */ = {
			isa = XCBuildConfiguration;
			buildSettings = {
				ALWAYS_EMBED_SWIFT_STANDARD_LIBRARIES = YES;
				CODE_SIGN_STYLE = Automatic;
				DEVELOPMENT_TEAM = 5D6D89YR6P;
				INFOPLIST_FILE = "Codelathe-Test-SwiftUIUITests/Info.plist";
				LD_RUNPATH_SEARCH_PATHS = (
					"$(inherited)",
					"@executable_path/Frameworks",
					"@loader_path/Frameworks",
				);
				PRODUCT_BUNDLE_IDENTIFIER = "Alex-Marchant.Codelathe-Test-SwiftUIUITests";
				PRODUCT_NAME = "$(TARGET_NAME)";
				SWIFT_VERSION = 5.0;
				TARGETED_DEVICE_FAMILY = "1,2";
				TEST_TARGET_NAME = "Codelathe-Test-SwiftUI";
			};
			name = Debug;
		};
		D491A66025BF543F00A0779F /* Release */ = {
			isa = XCBuildConfiguration;
			buildSettings = {
				ALWAYS_EMBED_SWIFT_STANDARD_LIBRARIES = YES;
				CODE_SIGN_STYLE = Automatic;
				DEVELOPMENT_TEAM = 5D6D89YR6P;
				INFOPLIST_FILE = "Codelathe-Test-SwiftUIUITests/Info.plist";
				LD_RUNPATH_SEARCH_PATHS = (
					"$(inherited)",
					"@executable_path/Frameworks",
					"@loader_path/Frameworks",
				);
				PRODUCT_BUNDLE_IDENTIFIER = "Alex-Marchant.Codelathe-Test-SwiftUIUITests";
				PRODUCT_NAME = "$(TARGET_NAME)";
				SWIFT_VERSION = 5.0;
				TARGETED_DEVICE_FAMILY = "1,2";
				TEST_TARGET_NAME = "Codelathe-Test-SwiftUI";
			};
			name = Release;
		};
/* End XCBuildConfiguration section */

/* Begin XCConfigurationList section */
		D491A62E25BF543B00A0779F /* Build configuration list for PBXProject "Codelathe-Test-SwiftUI" */ = {
			isa = XCConfigurationList;
			buildConfigurations = (
				D491A65625BF543F00A0779F /* Debug */,
				D491A65725BF543F00A0779F /* Release */,
			);
			defaultConfigurationIsVisible = 0;
			defaultConfigurationName = Release;
		};
		D491A65825BF543F00A0779F /* Build configuration list for PBXNativeTarget "Codelathe-Test-SwiftUI" */ = {
			isa = XCConfigurationList;
			buildConfigurations = (
				D491A65925BF543F00A0779F /* Debug */,
				D491A65A25BF543F00A0779F /* Release */,
			);
			defaultConfigurationIsVisible = 0;
			defaultConfigurationName = Release;
		};
		D491A65B25BF543F00A0779F /* Build configuration list for PBXNativeTarget "Codelathe-Test-SwiftUITests" */ = {
			isa = XCConfigurationList;
			buildConfigurations = (
				D491A65C25BF543F00A0779F /* Debug */,
				D491A65D25BF543F00A0779F /* Release */,
			);
			defaultConfigurationIsVisible = 0;
			defaultConfigurationName = Release;
		};
		D491A65E25BF543F00A0779F /* Build configuration list for PBXNativeTarget "Codelathe-Test-SwiftUIUITests" */ = {
			isa = XCConfigurationList;
			buildConfigurations = (
				D491A65F25BF543F00A0779F /* Debug */,
				D491A66025BF543F00A0779F /* Release */,
			);
			defaultConfigurationIsVisible = 0;
			defaultConfigurationName = Release;
		};
/* End XCConfigurationList section */

/* Begin XCRemoteSwiftPackageReference section */
		D47D359425C08956009C9D26 /* XCRemoteSwiftPackageReference "SDWebImageSwiftUI" */ = {
			isa = XCRemoteSwiftPackageReference;
			repositoryURL = "https://github.com/SDWebImage/SDWebImageSwiftUI.git";
			requirement = {
				kind = upToNextMajorVersion;
				minimumVersion = 1.5.0;
			};
		};
/* End XCRemoteSwiftPackageReference section */

/* Begin XCSwiftPackageProductDependency section */
		D47D359525C08957009C9D26 /* SDWebImageSwiftUI */ = {
			isa = XCSwiftPackageProductDependency;
			package = D47D359425C08956009C9D26 /* XCRemoteSwiftPackageReference "SDWebImageSwiftUI" */;
			productName = SDWebImageSwiftUI;
		};
/* End XCSwiftPackageProductDependency section */
	};
	rootObject = D491A62B25BF543B00A0779F /* Project object */;
}
